// !$*UTF8*$!
{
	archiveVersion = 1;
	classes = {
	};
	objectVersion = 77;
	objects = {

/* Begin PBXBuildFile section */
		C000000000000000000000A1 /* CatalogApp.swift in Sources */ = {isa = PBXBuildFile; fileRef = C00000000000000000000001 /* CatalogApp.swift */; };
		C000000000000000000000A2 /* AppContainer.swift in Sources */ = {isa = PBXBuildFile; fileRef = C00000000000000000000002 /* AppContainer.swift */; };
		C000000000000000000000A3 /* AppRouter.swift in Sources */ = {isa = PBXBuildFile; fileRef = C00000000000000000000003 /* AppRouter.swift */; };
		C000000000000000000000A4 /* CollectionCard.swift in Sources */ = {isa = PBXBuildFile; fileRef = C00000000000000000000004 /* CollectionCard.swift */; };
		C000000000000000000000A5 /* CollectionModels.swift in Sources */ = {isa = PBXBuildFile; fileRef = C00000000000000000000005 /* CollectionModels.swift */; };
		C000000000000000000000A6 /* ItemModels.swift in Sources */ = {isa = PBXBuildFile; fileRef = C00000000000000000000006 /* ItemModels.swift */; };
		C000000000000000000000A7 /* BellItem.swift in Sources */ = {isa = PBXBuildFile; fileRef = C00000000000000000000007 /* BellItem.swift */; };
		C000000000000000000000A8 /* Place.swift in Sources */ = {isa = PBXBuildFile; fileRef = C00000000000000000000008 /* Place.swift */; };
		C000000000000000000000A9 /* MediaAsset.swift in Sources */ = {isa = PBXBuildFile; fileRef = C00000000000000000000009 /* MediaAsset.swift */; };
		C000000000000000000000AA /* SharingModels.swift in Sources */ = {isa = PBXBuildFile; fileRef = C0000000000000000000000A /* SharingModels.swift */; };
		C000000000000000000000AB /* CatalogRepository.swift in Sources */ = {isa = PBXBuildFile; fileRef = C0000000000000000000000B /* CatalogRepository.swift */; };
		C000000000000000000000AC /* InMemoryCatalogRepository.swift in Sources */ = {isa = PBXBuildFile; fileRef = C0000000000000000000000C /* InMemoryCatalogRepository.swift */; };
		C000000000000000000000AD /* HomeView.swift in Sources */ = {isa = PBXBuildFile; fileRef = C0000000000000000000000D /* HomeView.swift */; };
		C000000000000000000000AE /* BellCatalogView.swift in Sources */ = {isa = PBXBuildFile; fileRef = C0000000000000000000000E /* BellCatalogView.swift */; };
		C000000000000000000000AF /* BellDetailView.swift in Sources */ = {isa = PBXBuildFile; fileRef = C0000000000000000000000F /* BellDetailView.swift */; };
		C000000000000000000000B0 /* BookLibraryPlaceholderView.swift in Sources */ = {isa = PBXBuildFile; fileRef = C00000000000000000000010 /* BookLibraryPlaceholderView.swift */; };
		C000000000000000000000B1 /* Assets.xcassets in Resources */ = {isa = PBXBuildFile; fileRef = C00000000000000000000011 /* Assets.xcassets */; };
		C000000000000000000000B2 /* EditorFields.swift in Sources */ = {isa = PBXBuildFile; fileRef = C00000000000000000000013 /* EditorFields.swift */; };
		C000000000000000000000B3 /* CloudKitConfiguration.swift in Sources */ = {isa = PBXBuildFile; fileRef = C00000000000000000000014 /* CloudKitConfiguration.swift */; };
		C000000000000000000000B4 /* CloudKitCatalogRepository.swift in Sources */ = {isa = PBXBuildFile; fileRef = C00000000000000000000015 /* CloudKitCatalogRepository.swift */; };
		C000000000000000000000B5 /* LocalCatalogRepository.swift in Sources */ = {isa = PBXBuildFile; fileRef = C00000000000000000000017 /* LocalCatalogRepository.swift */; };
/* End PBXBuildFile section */

/* Begin PBXFileReference section */
		C00000000000000000000001 /* CatalogApp.swift */ = {isa = PBXFileReference; lastKnownFileType = sourcecode.swift; path = CatalogApp.swift; sourceTree = "<group>"; };
		C00000000000000000000002 /* AppContainer.swift */ = {isa = PBXFileReference; lastKnownFileType = sourcecode.swift; path = AppContainer.swift; sourceTree = "<group>"; };
		C00000000000000000000003 /* AppRouter.swift */ = {isa = PBXFileReference; lastKnownFileType = sourcecode.swift; path = AppRouter.swift; sourceTree = "<group>"; };
		C00000000000000000000004 /* CollectionCard.swift */ = {isa = PBXFileReference; lastKnownFileType = sourcecode.swift; path = CollectionCard.swift; sourceTree = "<group>"; };
		C00000000000000000000005 /* CollectionModels.swift */ = {isa = PBXFileReference; lastKnownFileType = sourcecode.swift; path = CollectionModels.swift; sourceTree = "<group>"; };
		C00000000000000000000006 /* ItemModels.swift */ = {isa = PBXFileReference; lastKnownFileType = sourcecode.swift; path = ItemModels.swift; sourceTree = "<group>"; };
		C00000000000000000000007 /* BellItem.swift */ = {isa = PBXFileReference; lastKnownFileType = sourcecode.swift; path = BellItem.swift; sourceTree = "<group>"; };
		C00000000000000000000008 /* Place.swift */ = {isa = PBXFileReference; lastKnownFileType = sourcecode.swift; path = Place.swift; sourceTree = "<group>"; };
		C00000000000000000000009 /* MediaAsset.swift */ = {isa = PBXFileReference; lastKnownFileType = sourcecode.swift; path = MediaAsset.swift; sourceTree = "<group>"; };
		C0000000000000000000000A /* SharingModels.swift */ = {isa = PBXFileReference; lastKnownFileType = sourcecode.swift; path = SharingModels.swift; sourceTree = "<group>"; };
		C0000000000000000000000B /* CatalogRepository.swift */ = {isa = PBXFileReference; lastKnownFileType = sourcecode.swift; path = CatalogRepository.swift; sourceTree = "<group>"; };
		C0000000000000000000000C /* InMemoryCatalogRepository.swift */ = {isa = PBXFileReference; lastKnownFileType = sourcecode.swift; path = InMemoryCatalogRepository.swift; sourceTree = "<group>"; };
		C0000000000000000000000D /* HomeView.swift */ = {isa = PBXFileReference; lastKnownFileType = sourcecode.swift; path = HomeView.swift; sourceTree = "<group>"; };
		C0000000000000000000000E /* BellCatalogView.swift */ = {isa = PBXFileReference; lastKnownFileType = sourcecode.swift; path = BellCatalogView.swift; sourceTree = "<group>"; };
		C0000000000000000000000F /* BellDetailView.swift */ = {isa = PBXFileReference; lastKnownFileType = sourcecode.swift; path = BellDetailView.swift; sourceTree = "<group>"; };
		C00000000000000000000010 /* BookLibraryPlaceholderView.swift */ = {isa = PBXFileReference; lastKnownFileType = sourcecode.swift; path = BookLibraryPlaceholderView.swift; sourceTree = "<group>"; };
		C00000000000000000000011 /* Assets.xcassets */ = {isa = PBXFileReference; lastKnownFileType = folder.assetcatalog; path = Assets.xcassets; sourceTree = "<group>"; };
		C00000000000000000000012 /* Catalog.app */ = {isa = PBXFileReference; explicitFileType = wrapper.application; includeInIndex = 0; path = Catalog.app; sourceTree = BUILT_PRODUCTS_DIR; };
		C00000000000000000000013 /* EditorFields.swift */ = {isa = PBXFileReference; lastKnownFileType = sourcecode.swift; path = EditorFields.swift; sourceTree = "<group>"; };
		C00000000000000000000014 /* CloudKitConfiguration.swift */ = {isa = PBXFileReference; lastKnownFileType = sourcecode.swift; path = CloudKitConfiguration.swift; sourceTree = "<group>"; };
		C00000000000000000000015 /* CloudKitCatalogRepository.swift */ = {isa = PBXFileReference; lastKnownFileType = sourcecode.swift; path = CloudKitCatalogRepository.swift; sourceTree = "<group>"; };
		C00000000000000000000016 /* Catalog.entitlements */ = {isa = PBXFileReference; lastKnownFileType = text.plist.entitlements; path = Catalog.entitlements; sourceTree = "<group>"; };
		C00000000000000000000017 /* LocalCatalogRepository.swift */ = {isa = PBXFileReference; lastKnownFileType = sourcecode.swift; path = LocalCatalogRepository.swift; sourceTree = "<group>"; };
/* End PBXFileReference section */

/* Begin PBXFrameworksBuildPhase section */
		C00000000000000000000021 /* Frameworks */ = {
			isa = PBXFrameworksBuildPhase;
			buildActionMask = 2147483647;
			files = (
			);
			runOnlyForDeploymentPostprocessing = 0;
		};
/* End PBXFrameworksBuildPhase section */

/* Begin PBXGroup section */
		C00000000000000000000031 = {
			isa = PBXGroup;
			children = (
				C00000000000000000000032 /* Catalog */,
				C00000000000000000000033 /* Products */,
			);
			sourceTree = "<group>";
		};
		C00000000000000000000032 /* Catalog */ = {
			isa = PBXGroup;
			children = (
				C00000000000000000000034 /* App */,
				C00000000000000000000035 /* Core */,
				C00000000000000000000036 /* Domain */,
				C00000000000000000000037 /* Data */,
				C00000000000000000000038 /* Features */,
				C00000000000000000000039 /* Resources */,
				C00000000000000000000016 /* Catalog.entitlements */,
			);
			path = Catalog;
			sourceTree = "<group>";
		};
		C00000000000000000000033 /* Products */ = {
			isa = PBXGroup;
			children = (
				C00000000000000000000012 /* Catalog.app */,
			);
			name = Products;
			sourceTree = "<group>";
		};
		C00000000000000000000034 /* App */ = {
			isa = PBXGroup;
			children = (
				C00000000000000000000001 /* CatalogApp.swift */,
				C00000000000000000000002 /* AppContainer.swift */,
				C00000000000000000000014 /* CloudKitConfiguration.swift */,
			);
			path = App;
			sourceTree = "<group>";
		};
		C00000000000000000000035 /* Core */ = {
			isa = PBXGroup;
			children = (
				C0000000000000000000003A /* Navigation */,
				C0000000000000000000003B /* SharedUI */,
			);
			path = Core;
			sourceTree = "<group>";
		};
		C00000000000000000000036 /* Domain */ = {
			isa = PBXGroup;
			children = (
				C0000000000000000000003C /* Collections */,
				C0000000000000000000003D /* Items */,
				C0000000000000000000003E /* Sharing */,
			);
			path = Domain;
			sourceTree = "<group>";
		};
		C00000000000000000000037 /* Data */ = {
			isa = PBXGroup;
			children = (
				C0000000000000000000003F /* Repositories */,
				C00000000000000000000040 /* PreviewData */,
			);
			path = Data;
			sourceTree = "<group>";
		};
		C00000000000000000000038 /* Features */ = {
			isa = PBXGroup;
			children = (
				C00000000000000000000041 /* Collections */,
				C00000000000000000000042 /* Bells */,
				C00000000000000000000043 /* Books */,
			);
			path = Features;
			sourceTree = "<group>";
		};
		C00000000000000000000039 /* Resources */ = {
			isa = PBXGroup;
			children = (
				C00000000000000000000011 /* Assets.xcassets */,
			);
			path = Resources;
			sourceTree = "<group>";
		};
		C0000000000000000000003A /* Navigation */ = {
			isa = PBXGroup;
			children = (
				C00000000000000000000003 /* AppRouter.swift */,
			);
			path = Navigation;
			sourceTree = "<group>";
		};
		C0000000000000000000003B /* SharedUI */ = {
			isa = PBXGroup;
			children = (
				C00000000000000000000004 /* CollectionCard.swift */,
				C00000000000000000000013 /* EditorFields.swift */,
			);
			path = SharedUI;
			sourceTree = "<group>";
		};
		C0000000000000000000003C /* Collections */ = {
			isa = PBXGroup;
			children = (
				C00000000000000000000005 /* CollectionModels.swift */,
			);
			path = Collections;
			sourceTree = "<group>";
		};
		C0000000000000000000003D /* Items */ = {
			isa = PBXGroup;
			children = (
				C00000000000000000000006 /* ItemModels.swift */,
				C00000000000000000000007 /* BellItem.swift */,
				C00000000000000000000008 /* Place.swift */,
				C00000000000000000000009 /* MediaAsset.swift */,
			);
			path = Items;
			sourceTree = "<group>";
		};
		C0000000000000000000003E /* Sharing */ = {
			isa = PBXGroup;
			children = (
				C0000000000000000000000A /* SharingModels.swift */,
			);
			path = Sharing;
			sourceTree = "<group>";
		};
		C0000000000000000000003F /* Repositories */ = {
			isa = PBXGroup;
			children = (
				C0000000000000000000000B /* CatalogRepository.swift */,
				C00000000000000000000015 /* CloudKitCatalogRepository.swift */,
				C00000000000000000000017 /* LocalCatalogRepository.swift */,
			);
			path = Repositories;
			sourceTree = "<group>";
		};
		C00000000000000000000040 /* PreviewData */ = {
			isa = PBXGroup;
			children = (
				C0000000000000000000000C /* InMemoryCatalogRepository.swift */,
			);
			path = PreviewData;
			sourceTree = "<group>";
		};
		C00000000000000000000041 /* Collections */ = {
			isa = PBXGroup;
			children = (
				C00000000000000000000044 /* Home */,
			);
			path = Collections;
			sourceTree = "<group>";
		};
		C00000000000000000000042 /* Bells */ = {
			isa = PBXGroup;
			children = (
				C00000000000000000000045 /* List */,
				C00000000000000000000046 /* Detail */,
			);
			path = Bells;
			sourceTree = "<group>";
		};
		C00000000000000000000043 /* Books */ = {
			isa = PBXGroup;
			children = (
				C00000000000000000000047 /* Library */,
			);
			path = Books;
			sourceTree = "<group>";
		};
		C00000000000000000000044 /* Home */ = {
			isa = PBXGroup;
			children = (
				C0000000000000000000000D /* HomeView.swift */,
			);
			path = Home;
			sourceTree = "<group>";
		};
		C00000000000000000000045 /* List */ = {
			isa = PBXGroup;
			children = (
				C0000000000000000000000E /* BellCatalogView.swift */,
			);
			path = List;
			sourceTree = "<group>";
		};
		C00000000000000000000046 /* Detail */ = {
			isa = PBXGroup;
			children = (
				C0000000000000000000000F /* BellDetailView.swift */,
			);
			path = Detail;
			sourceTree = "<group>";
		};
		C00000000000000000000047 /* Library */ = {
			isa = PBXGroup;
			children = (
				C00000000000000000000010 /* BookLibraryPlaceholderView.swift */,
			);
			path = Library;
			sourceTree = "<group>";
		};
/* End PBXGroup section */

/* Begin PBXNativeTarget section */
		C00000000000000000000051 /* Catalog */ = {
			isa = PBXNativeTarget;
			buildConfigurationList = C00000000000000000000061 /* Build configuration list for PBXNativeTarget "Catalog" */;
			buildPhases = (
				C00000000000000000000022 /* Sources */,
				C00000000000000000000021 /* Frameworks */,
				C00000000000000000000023 /* Resources */,
			);
			buildRules = (
			);
			dependencies = (
			);
			name = Catalog;
			packageProductDependencies = (
			);
			productName = Catalog;
			productReference = C00000000000000000000012 /* Catalog.app */;
			productType = "com.apple.product-type.application";
		};
/* End PBXNativeTarget section */

/* Begin PBXProject section */
		C00000000000000000000052 /* Project object */ = {
			isa = PBXProject;
			attributes = {
				BuildIndependentTargetsInParallel = 1;
				LastSwiftUpdateCheck = 2630;
				LastUpgradeCheck = 2630;
				TargetAttributes = {
					C00000000000000000000051 = {
						CreatedOnToolsVersion = 26.3;
					};
				};
			};
			buildConfigurationList = C00000000000000000000062 /* Build configuration list for PBXProject "Catalog" */;
			developmentRegion = en;
			hasScannedForEncodings = 0;
			knownRegions = (
				en,
				Base,
			);
			mainGroup = C00000000000000000000031;
			minimizedProjectReferenceProxies = 1;
			preferredProjectObjectVersion = 77;
			productRefGroup = C00000000000000000000033 /* Products */;
			projectDirPath = "";
			projectRoot = "";
			targets = (
				C00000000000000000000051 /* Catalog */,
			);
		};
/* End PBXProject section */

/* Begin PBXResourcesBuildPhase section */
		C00000000000000000000023 /* Resources */ = {
			isa = PBXResourcesBuildPhase;
			buildActionMask = 2147483647;
			files = (
				C000000000000000000000B1 /* Assets.xcassets in Resources */,
			);
			runOnlyForDeploymentPostprocessing = 0;
		};
/* End PBXResourcesBuildPhase section */

/* Begin PBXSourcesBuildPhase section */
		C00000000000000000000022 /* Sources */ = {
			isa = PBXSourcesBuildPhase;
			buildActionMask = 2147483647;
			files = (
				C000000000000000000000A1 /* CatalogApp.swift in Sources */,
				C000000000000000000000A2 /* AppContainer.swift in Sources */,
				C000000000000000000000A3 /* AppRouter.swift in Sources */,
				C000000000000000000000A4 /* CollectionCard.swift in Sources */,
				C000000000000000000000A5 /* CollectionModels.swift in Sources */,
				C000000000000000000000A6 /* ItemModels.swift in Sources */,
				C000000000000000000000A7 /* BellItem.swift in Sources */,
				C000000000000000000000A8 /* Place.swift in Sources */,
				C000000000000000000000A9 /* MediaAsset.swift in Sources */,
				C000000000000000000000AA /* SharingModels.swift in Sources */,
				C000000000000000000000AB /* CatalogRepository.swift in Sources */,
				C000000000000000000000AC /* InMemoryCatalogRepository.swift in Sources */,
				C000000000000000000000AD /* HomeView.swift in Sources */,
				C000000000000000000000AE /* BellCatalogView.swift in Sources */,
				C000000000000000000000AF /* BellDetailView.swift in Sources */,
				C000000000000000000000B0 /* BookLibraryPlaceholderView.swift in Sources */,
				C000000000000000000000B2 /* EditorFields.swift in Sources */,
				C000000000000000000000B3 /* CloudKitConfiguration.swift in Sources */,
				C000000000000000000000B4 /* CloudKitCatalogRepository.swift in Sources */,
				C000000000000000000000B5 /* LocalCatalogRepository.swift in Sources */,
			);
			runOnlyForDeploymentPostprocessing = 0;
		};
/* End PBXSourcesBuildPhase section */

/* Begin XCBuildConfiguration section */
		C00000000000000000000071 /* Debug */ = {
			isa = XCBuildConfiguration;
			buildSettings = {
				ALWAYS_SEARCH_USER_PATHS = NO;
				CLANG_ENABLE_MODULES = YES;
				COPY_PHASE_STRIP = NO;
				DEBUG_INFORMATION_FORMAT = dwarf;
				DEVELOPMENT_TEAM = "";
				ENABLE_PREVIEWS = YES;
				GCC_OPTIMIZATION_LEVEL = 0;
				GCC_PREPROCESSOR_DEFINITIONS = (
					"DEBUG=1",
					"$(inherited)",
				);
				IPHONEOS_DEPLOYMENT_TARGET = 26.0;
				SDKROOT = iphoneos;
				SWIFT_ACTIVE_COMPILATION_CONDITIONS = "DEBUG $(inherited)";
				SWIFT_OPTIMIZATION_LEVEL = "-Onone";
			};
			name = Debug;
		};
		C00000000000000000000072 /* Release */ = {
			isa = XCBuildConfiguration;
			buildSettings = {
				ALWAYS_SEARCH_USER_PATHS = NO;
				CLANG_ENABLE_MODULES = YES;
				COPY_PHASE_STRIP = NO;
				DEBUG_INFORMATION_FORMAT = "dwarf-with-dsym";
				DEVELOPMENT_TEAM = "";
				ENABLE_NS_ASSERTIONS = NO;
				ENABLE_PREVIEWS = YES;
				IPHONEOS_DEPLOYMENT_TARGET = 26.0;
				SDKROOT = iphoneos;
				SWIFT_COMPILATION_MODE = wholemodule;
				VALIDATE_PRODUCT = YES;
			};
			name = Release;
		};
		C00000000000000000000073 /* Debug */ = {
			isa = XCBuildConfiguration;
			buildSettings = {
				ASSETCATALOG_COMPILER_APPICON_NAME = AppIcon;
				CODE_SIGN_STYLE = Automatic;
				CURRENT_PROJECT_VERSION = 1;
				DEVELOPMENT_TEAM = 8S22FH7RU6;
				ENABLE_PREVIEWS = YES;
				GENERATE_INFOPLIST_FILE = YES;
				INFOPLIST_KEY_CFBundleDisplayName = Catalog;
				INFOPLIST_KEY_LSRequiresIPhoneOS = YES;
				INFOPLIST_KEY_UIApplicationSceneManifest_Generation = YES;
				INFOPLIST_KEY_UIApplicationSupportsIndirectInputEvents = YES;
				INFOPLIST_KEY_UILaunchScreen_Generation = YES;
				INFOPLIST_KEY_UISupportedInterfaceOrientations_iPad = "UIInterfaceOrientationPortrait UIInterfaceOrientationPortraitUpsideDown UIInterfaceOrientationLandscapeLeft UIInterfaceOrientationLandscapeRight";
				INFOPLIST_KEY_UISupportedInterfaceOrientations_iPhone = "UIInterfaceOrientationPortrait UIInterfaceOrientationLandscapeLeft UIInterfaceOrientationLandscapeRight";
				IPHONEOS_DEPLOYMENT_TARGET = 26.0;
				LD_RUNPATH_SEARCH_PATHS = (
					"$(inherited)",
					"@executable_path/Frameworks",
				);
				MARKETING_VERSION = 1.0;
				PRODUCT_BUNDLE_IDENTIFIER = com.iz.Catalog;
				PRODUCT_NAME = "$(TARGET_NAME)";
				SDKROOT = iphoneos;
				SUPPORTED_PLATFORMS = "iphoneos iphonesimulator";
				SWIFT_EMIT_LOC_STRINGS = YES;
				SWIFT_VERSION = 6.0;
				TARGETED_DEVICE_FAMILY = "1,2";
			};
			name = Debug;
		};
		C00000000000000000000074 /* Release */ = {
			isa = XCBuildConfiguration;
			buildSettings = {
				ASSETCATALOG_COMPILER_APPICON_NAME = AppIcon;
				CODE_SIGN_STYLE = Automatic;
				CURRENT_PROJECT_VERSION = 1;
				DEVELOPMENT_TEAM = 8S22FH7RU6;
				ENABLE_PREVIEWS = YES;
				GENERATE_INFOPLIST_FILE = YES;
				INFOPLIST_KEY_CFBundleDisplayName = Catalog;
				INFOPLIST_KEY_LSRequiresIPhoneOS = YES;
				INFOPLIST_KEY_UIApplicationSceneManifest_Generation = YES;
				INFOPLIST_KEY_UIApplicationSupportsIndirectInputEvents = YES;
				INFOPLIST_KEY_UILaunchScreen_Generation = YES;
				INFOPLIST_KEY_UISupportedInterfaceOrientations_iPad = "UIInterfaceOrientationPortrait UIInterfaceOrientationPortraitUpsideDown UIInterfaceOrientationLandscapeLeft UIInterfaceOrientationLandscapeRight";
				INFOPLIST_KEY_UISupportedInterfaceOrientations_iPhone = "UIInterfaceOrientationPortrait UIInterfaceOrientationLandscapeLeft UIInterfaceOrientationLandscapeRight";
				IPHONEOS_DEPLOYMENT_TARGET = 26.0;
				LD_RUNPATH_SEARCH_PATHS = (
					"$(inherited)",
					"@executable_path/Frameworks",
				);
				MARKETING_VERSION = 1.0;
				PRODUCT_BUNDLE_IDENTIFIER = com.iz.Catalog;
				PRODUCT_NAME = "$(TARGET_NAME)";
				SDKROOT = iphoneos;
				SUPPORTED_PLATFORMS = "iphoneos iphonesimulator";
				SWIFT_EMIT_LOC_STRINGS = YES;
				SWIFT_VERSION = 6.0;
				TARGETED_DEVICE_FAMILY = "1,2";
			};
			name = Release;
		};
/* End XCBuildConfiguration section */

/* Begin XCConfigurationList section */
		C00000000000000000000061 /* Build configuration list for PBXNativeTarget "Catalog" */ = {
			isa = XCConfigurationList;
			buildConfigurations = (
				C00000000000000000000073 /* Debug */,
				C00000000000000000000074 /* Release */,
			);
			defaultConfigurationIsVisible = 0;
			defaultConfigurationName = Release;
		};
		C00000000000000000000062 /* Build configuration list for PBXProject "Catalog" */ = {
			isa = XCConfigurationList;
			buildConfigurations = (
				C00000000000000000000071 /* Debug */,
				C00000000000000000000072 /* Release */,
			);
			defaultConfigurationIsVisible = 0;
			defaultConfigurationName = Release;
		};
/* End XCConfigurationList section */
	};
	rootObject = C00000000000000000000052 /* Project object */;
}
