// !$*UTF8*$!
{
	archiveVersion = 1;
	classes = {
	};
	objectVersion = 100;
	objects = {

/* Begin PBXBuildFile section */
		24056ED030226D0500601C22 /* Bells.xcassets in Resources */ = {isa = PBXBuildFile; fileRef = C00000000000000000000011 /* Bells.xcassets */; };
		24A7F2CB303C3BF4005D31A1 /* Localizable.xcstrings in Resources */ = {isa = PBXBuildFile; fileRef = 24F1A4DF2FD88B0600FC1717 /* Localizable.xcstrings */; };
		24A7F2CC303C3BF4005D31A1 /* Books.xcassets in Resources */ = {isa = PBXBuildFile; fileRef = 24C55DD0302272960091118A /* Books.xcassets */; };
		24F1A4E02FD88B0600FC1717 /* Localizable.xcstrings in Resources */ = {isa = PBXBuildFile; fileRef = 24F1A4DF2FD88B0600FC1717 /* Localizable.xcstrings */; };
/* End PBXBuildFile section */

/* Begin PBXFileReference section */
		24349FFE2FAC6FD9005383FB /* BellRecognitionDebugML.app */ = {isa = PBXFileReference; explicitFileType = wrapper.application; includeInIndex = 0; path = BellRecognitionDebugML.app; sourceTree = BUILT_PRODUCTS_DIR; };
		246A557A302274AF00512880 /* Coins.xcassets */ = {isa = PBXFileReference; lastKnownFileType = folder.assetcatalog; path = Coins.xcassets; sourceTree = "<group>"; };
		246A557C302274CF00512880 /* Stamps.xcassets */ = {isa = PBXFileReference; lastKnownFileType = folder.assetcatalog; path = Stamps.xcassets; sourceTree = "<group>"; };
		246FD65F2FA8BB2900B8859A /* BellRecognition.app */ = {isa = PBXFileReference; explicitFileType = wrapper.application; includeInIndex = 0; path = BellRecognition.app; sourceTree = BUILT_PRODUCTS_DIR; };
		24A7F2B8303C3BA8005D31A1 /* Foliora Books.app */ = {isa = PBXFileReference; explicitFileType = wrapper.application; includeInIndex = 0; path = "Foliora Books.app"; sourceTree = BUILT_PRODUCTS_DIR; };
		24A7F2D9303C7219005D31A1 /* Foliora-Books-Info.plist */ = {isa = PBXFileReference; lastKnownFileType = text.plist; path = "Foliora-Books-Info.plist"; sourceTree = "<group>"; };
		24A7F2DA303C7219005D31A1 /* Foliora Books.entitlements */ = {isa = PBXFileReference; lastKnownFileType = text.plist.entitlements; path = "Foliora Books.entitlements"; sourceTree = "<group>"; };
		24C55DCE302272350091118A /* Records.xcassets */ = {isa = PBXFileReference; lastKnownFileType = folder.assetcatalog; path = Records.xcassets; sourceTree = "<group>"; };
		24C55DD0302272960091118A /* Books.xcassets */ = {isa = PBXFileReference; lastKnownFileType = folder.assetcatalog; path = Books.xcassets; sourceTree = "<group>"; };
		24F1A44D2FD03B6300FC1717 /* Foliora Bells.entitlements */ = {isa = PBXFileReference; lastKnownFileType = text.plist.entitlements; path = "Foliora Bells.entitlements"; sourceTree = "<group>"; };
		24F1A44E2FD0405D00FC1717 /* Foliora-Bells-Info.plist */ = {isa = PBXFileReference; lastKnownFileType = text.plist; path = "Foliora-Bells-Info.plist"; sourceTree = "<group>"; };
		24F1A4DF2FD88B0600FC1717 /* Localizable.xcstrings */ = {isa = PBXFileReference; lastKnownFileType = text.json.xcstrings; path = Localizable.xcstrings; sourceTree = "<group>"; };
		C00000000000000000000011 /* Bells.xcassets */ = {isa = PBXFileReference; lastKnownFileType = folder.assetcatalog; path = Bells.xcassets; sourceTree = "<group>"; };
		C00000000000000000000012 /* Foliora Bells.app */ = {isa = PBXFileReference; explicitFileType = wrapper.application; includeInIndex = 0; path = "Foliora Bells.app"; sourceTree = BUILT_PRODUCTS_DIR; };
/* End PBXFileReference section */

/* Begin PBXFileSystemSynchronizedBuildFileExceptionSet section */
		24C449AF303C789300404BD4 /* Exceptions for "Core" folder in "BellRecognition" target */ = {
			isa = PBXFileSystemSynchronizedBuildFileExceptionSet;
			membershipExceptions = (
				PhotoAnalysis/PhotoAnalysis.swift,
				PhotoAnalysis/SemanticPhotoFeatureExtractor.swift,
			);
			target = 246FD65E2FA8BB2900B8859A /* BellRecognition */;
		};
		24C449B0303C789300404BD4 /* Exceptions for "Core" folder in "BellRecognitionDebugML" target */ = {
			isa = PBXFileSystemSynchronizedBuildFileExceptionSet;
			membershipExceptions = (
				PhotoAnalysis/PhotoAnalysis.swift,
				PhotoAnalysis/SemanticPhotoFeatureExtractor.swift,
			);
			target = 24349FFD2FAC6FD9005383FB /* BellRecognitionDebugML */;
		};
		24C44A1E303C78E300404BD4 /* Exceptions for "Domain" folder in "Foliora Books" target */ = {
			isa = PBXFileSystemSynchronizedBuildFileExceptionSet;
			membershipExceptions = (
				Items/BellItem.swift,
			);
			target = 24A7F2B7303C3BA8005D31A1 /* Foliora Books */;
		};
		24C44A55303C7CDF00404BD4 /* Exceptions for "App" folder in "Foliora Bells" target */ = {
			isa = PBXFileSystemSynchronizedBuildFileExceptionSet;
			membershipExceptions = (
				Launch/Books/GreetingsKeys.plist,
				Launch/Books/LaunchScreen.storyboard,
			);
			target = C00000000000000000000051 /* Foliora Bells */;
		};
		24C44A56303C7CDF00404BD4 /* Exceptions for "App" folder in "Foliora Books" target */ = {
			isa = PBXFileSystemSynchronizedBuildFileExceptionSet;
			membershipExceptions = (
				Launch/Bells/GreetingsKeys.plist,
				Launch/Bells/LaunchScreen.storyboard,
			);
			target = 24A7F2B7303C3BA8005D31A1 /* Foliora Books */;
		};
		24C45C54303D80B700404BD4 /* Exceptions for "Domain" folder in "Foliora Bells" target */ = {
			isa = PBXFileSystemSynchronizedBuildFileExceptionSet;
			membershipExceptions = (
				Items/BookItem.swift,
			);
			target = C00000000000000000000051 /* Foliora Bells */;
		};
		24C45D4D303D997900404BD4 /* Exceptions for "Bells" folder in "BellRecognition" target */ = {
			isa = PBXFileSystemSynchronizedBuildFileExceptionSet;
			membershipExceptions = (
				Analysis/BellPhotoAnalysis.swift,
				Analysis/SuggestedFieldValue.swift,
			);
			target = 246FD65E2FA8BB2900B8859A /* BellRecognition */;
		};
/* End PBXFileSystemSynchronizedBuildFileExceptionSet section */

/* Begin PBXFileSystemSynchronizedRootGroup section */
		24349FFF2FAC6FD9005383FB /* BellRecognitionDebugML */ = {
			isa = PBXFileSystemSynchronizedRootGroup;
			path = BellRecognitionDebugML;
			sourceTree = "<group>";
		};
		246FD6602FA8BB2900B8859A /* BellRecognition */ = {
			isa = PBXFileSystemSynchronizedRootGroup;
			path = BellRecognition;
			sourceTree = "<group>";
		};
		24C44993303C789200404BD4 /* Core */ = {
			isa = PBXFileSystemSynchronizedRootGroup;
			exceptions = (
				24C449AF303C789300404BD4 /* Exceptions for "Core" folder in "BellRecognition" target */,
				24C449B0303C789300404BD4 /* Exceptions for "Core" folder in "BellRecognitionDebugML" target */,
			);
			path = Core;
			sourceTree = "<group>";
		};
		24C44A0A303C78C800404BD4 /* Domain */ = {
			isa = PBXFileSystemSynchronizedRootGroup;
			exceptions = (
				24C45C54303D80B700404BD4 /* Exceptions for "Domain" folder in "Foliora Bells" target */,
				24C44A1E303C78E300404BD4 /* Exceptions for "Domain" folder in "Foliora Books" target */,
			);
			path = Domain;
			sourceTree = "<group>";
		};
		24C44A40303C7CDE00404BD4 /* App */ = {
			isa = PBXFileSystemSynchronizedRootGroup;
			exceptions = (
				24C44A55303C7CDF00404BD4 /* Exceptions for "App" folder in "Foliora Bells" target */,
				24C44A56303C7CDF00404BD4 /* Exceptions for "App" folder in "Foliora Books" target */,
			);
			path = App;
			sourceTree = "<group>";
		};
		24C45CC3303D972B00404BD4 /* Common */ = {
			isa = PBXFileSystemSynchronizedRootGroup;
			path = Common;
			sourceTree = "<group>";
		};
		24C45CC4303D973300404BD4 /* Bells */ = {
			isa = PBXFileSystemSynchronizedRootGroup;
			path = Bells;
			sourceTree = "<group>";
		};
		24C45CC5303D973B00404BD4 /* Books */ = {
			isa = PBXFileSystemSynchronizedRootGroup;
			path = Books;
			sourceTree = "<group>";
		};
		24C45CC7303D977900404BD4 /* Common */ = {
			isa = PBXFileSystemSynchronizedRootGroup;
			path = Common;
			sourceTree = "<group>";
		};
		24C45CC8303D978300404BD4 /* Bells */ = {
			isa = PBXFileSystemSynchronizedRootGroup;
			path = Bells;
			sourceTree = "<group>";
		};
		24C45CC9303D978900404BD4 /* Books */ = {
			isa = PBXFileSystemSynchronizedRootGroup;
			path = Books;
			sourceTree = "<group>";
		};
		24C45D01303D97DD00404BD4 /* CoreData */ = {
			isa = PBXFileSystemSynchronizedRootGroup;
			path = CoreData;
			sourceTree = "<group>";
		};
		24C45D09303D996B00404BD4 /* Settings */ = {
			isa = PBXFileSystemSynchronizedRootGroup;
			path = Settings;
			sourceTree = "<group>";
		};
		24C45D11303D996E00404BD4 /* Collections */ = {
			isa = PBXFileSystemSynchronizedRootGroup;
			path = Collections;
			sourceTree = "<group>";
		};
		24C45D19303D997200404BD4 /* Search */ = {
			isa = PBXFileSystemSynchronizedRootGroup;
			path = Search;
			sourceTree = "<group>";
		};
		24C45D20303D997500404BD4 /* Home */ = {
			isa = PBXFileSystemSynchronizedRootGroup;
			path = Home;
			sourceTree = "<group>";
		};
		24C45D3B303D997900404BD4 /* Bells */ = {
			isa = PBXFileSystemSynchronizedRootGroup;
			exceptions = (
				24C45D4D303D997900404BD4 /* Exceptions for "Bells" folder in "BellRecognition" target */,
			);
			path = Bells;
			sourceTree = "<group>";
		};
		24C45D53303D997E00404BD4 /* Books */ = {
			isa = PBXFileSystemSynchronizedRootGroup;
			path = Books;
			sourceTree = "<group>";
		};
		24C45D92303DC8BF00404BD4 /* Bells */ = {
			isa = PBXFileSystemSynchronizedRootGroup;
			path = Bells;
			sourceTree = "<group>";
		};
		24C45D93303DC8BF00404BD4 /* Books */ = {
			isa = PBXFileSystemSynchronizedRootGroup;
			path = Books;
			sourceTree = "<group>";
		};
		24C45D94303DC8BF00404BD4 /* Common */ = {
			isa = PBXFileSystemSynchronizedRootGroup;
			path = Common;
			sourceTree = "<group>";
		};
/* End PBXFileSystemSynchronizedRootGroup section */

/* Begin PBXFrameworksBuildPhase section */
		24349FFB2FAC6FD9005383FB /* Frameworks */ = {
			isa = PBXFrameworksBuildPhase;
			files = (
			);
		};
		246FD65C2FA8BB2900B8859A /* Frameworks */ = {
			isa = PBXFrameworksBuildPhase;
			files = (
			);
		};
		24A7F2B5303C3BA8005D31A1 /* Frameworks */ = {
			isa = PBXFrameworksBuildPhase;
			files = (
			);
		};
		C00000000000000000000021 /* Frameworks */ = {
			isa = PBXFrameworksBuildPhase;
			files = (
			);
		};
/* End PBXFrameworksBuildPhase section */

/* Begin PBXGroup section */
		24C45C75303D971B00404BD4 /* PreviewData */ = {
			isa = PBXGroup;
			children = (
				24C45CC9303D978900404BD4 /* Books */,
				24C45CC8303D978300404BD4 /* Bells */,
				24C45CC7303D977900404BD4 /* Common */,
			);
			path = PreviewData;
			sourceTree = "<group>";
		};
		24C45C82303D971B00404BD4 /* Repositories */ = {
			isa = PBXGroup;
			children = (
				24C45CC5303D973B00404BD4 /* Books */,
				24C45CC4303D973300404BD4 /* Bells */,
				24C45CC3303D972B00404BD4 /* Common */,
			);
			path = Repositories;
			sourceTree = "<group>";
		};
		24C45C83303D971B00404BD4 /* Data */ = {
			isa = PBXGroup;
			children = (
				24C45D01303D97DD00404BD4 /* CoreData */,
				24C45D83303DC8BB00404BD4 /* ImportExport */,
				24C45C75303D971B00404BD4 /* PreviewData */,
				24C45C82303D971B00404BD4 /* Repositories */,
			);
			path = Data;
			sourceTree = "<group>";
		};
		24C45D83303DC8BB00404BD4 /* ImportExport */ = {
			isa = PBXGroup;
			children = (
				24C45D92303DC8BF00404BD4 /* Bells */,
				24C45D93303DC8BF00404BD4 /* Books */,
				24C45D94303DC8BF00404BD4 /* Common */,
			);
			path = ImportExport;
			sourceTree = "<group>";
		};
		C00000000000000000000031 = {
			isa = PBXGroup;
			children = (
				24F1A44E2FD0405D00FC1717 /* Foliora-Bells-Info.plist */,
				24F1A44D2FD03B6300FC1717 /* Foliora Bells.entitlements */,
				24A7F2D9303C7219005D31A1 /* Foliora-Books-Info.plist */,
				24A7F2DA303C7219005D31A1 /* Foliora Books.entitlements */,
				C00000000000000000000032 /* Catalog */,
				246FD6602FA8BB2900B8859A /* BellRecognition */,
				24349FFF2FAC6FD9005383FB /* BellRecognitionDebugML */,
				C00000000000000000000033 /* Products */,
			);
			sourceTree = "<group>";
		};
		C00000000000000000000032 /* Catalog */ = {
			isa = PBXGroup;
			children = (
				24C44A40303C7CDE00404BD4 /* App */,
				24C44993303C789200404BD4 /* Core */,
				24C44A0A303C78C800404BD4 /* Domain */,
				24C45C83303D971B00404BD4 /* Data */,
				C00000000000000000000038 /* Features */,
				C00000000000000000000039 /* Resources */,
			);
			path = Catalog;
			sourceTree = "<group>";
		};
		C00000000000000000000033 /* Products */ = {
			isa = PBXGroup;
			children = (
				C00000000000000000000012 /* Foliora Bells.app */,
				246FD65F2FA8BB2900B8859A /* BellRecognition.app */,
				24349FFE2FAC6FD9005383FB /* BellRecognitionDebugML.app */,
				24A7F2B8303C3BA8005D31A1 /* Foliora Books.app */,
			);
			name = Products;
			sourceTree = "<group>";
		};
		C00000000000000000000038 /* Features */ = {
			isa = PBXGroup;
			children = (
				24C45D09303D996B00404BD4 /* Settings */,
				24C45D11303D996E00404BD4 /* Collections */,
				24C45D19303D997200404BD4 /* Search */,
				24C45D3B303D997900404BD4 /* Bells */,
				24C45D53303D997E00404BD4 /* Books */,
				24C45D20303D997500404BD4 /* Home */,
			);
			path = Features;
			sourceTree = "<group>";
		};
		C00000000000000000000039 /* Resources */ = {
			isa = PBXGroup;
			children = (
				C00000000000000000000011 /* Bells.xcassets */,
				24F1A4DF2FD88B0600FC1717 /* Localizable.xcstrings */,
				24C55DCE302272350091118A /* Records.xcassets */,
				24C55DD0302272960091118A /* Books.xcassets */,
				246A557A302274AF00512880 /* Coins.xcassets */,
				246A557C302274CF00512880 /* Stamps.xcassets */,
			);
			path = Resources;
			sourceTree = "<group>";
		};
/* End PBXGroup section */

/* Begin PBXNativeTarget section */
		24349FFD2FAC6FD9005383FB /* BellRecognitionDebugML */ = {
			isa = PBXNativeTarget;
			buildConfigurationList = 2434A0062FAC6FDA005383FB /* Build configuration list for PBXNativeTarget "BellRecognitionDebugML" */;
			buildPhases = (
				24349FFA2FAC6FD9005383FB /* Sources */,
				24349FFB2FAC6FD9005383FB /* Frameworks */,
				24349FFC2FAC6FD9005383FB /* Resources */,
			);
			buildRules = (
			);
			fileSystemSynchronizedGroups = (
				24349FFF2FAC6FD9005383FB /* BellRecognitionDebugML */,
			);
			name = BellRecognitionDebugML;
			productName = BellRecognitionDebugML;
			productReference = 24349FFE2FAC6FD9005383FB /* BellRecognitionDebugML.app */;
			productType = "com.apple.product-type.application";
		};
		246FD65E2FA8BB2900B8859A /* BellRecognition */ = {
			isa = PBXNativeTarget;
			buildConfigurationList = 246FD6672FA8BB2A00B8859A /* Build configuration list for PBXNativeTarget "BellRecognition" */;
			buildPhases = (
				246FD65B2FA8BB2900B8859A /* Sources */,
				246FD65C2FA8BB2900B8859A /* Frameworks */,
				246FD65D2FA8BB2900B8859A /* Resources */,
			);
			buildRules = (
			);
			fileSystemSynchronizedGroups = (
				246FD6602FA8BB2900B8859A /* BellRecognition */,
			);
			name = BellRecognition;
			productName = BellRecognition;
			productReference = 246FD65F2FA8BB2900B8859A /* BellRecognition.app */;
			productType = "com.apple.product-type.application";
		};
		24A7F2B7303C3BA8005D31A1 /* Foliora Books */ = {
			isa = PBXNativeTarget;
			buildConfigurationList = 24A7F2C8303C3BA9005D31A1 /* Build configuration list for PBXNativeTarget "Foliora Books" */;
			buildPhases = (
				24A7F2B4303C3BA8005D31A1 /* Sources */,
				24A7F2B5303C3BA8005D31A1 /* Frameworks */,
				24A7F2B6303C3BA8005D31A1 /* Resources */,
			);
			buildRules = (
			);
			fileSystemSynchronizedGroups = (
				24C44993303C789200404BD4 /* Core */,
				24C44A0A303C78C800404BD4 /* Domain */,
				24C44A40303C7CDE00404BD4 /* App */,
				24C45CC3303D972B00404BD4 /* Common */,
				24C45CC5303D973B00404BD4 /* Books */,
				24C45CC7303D977900404BD4 /* Common */,
				24C45CC9303D978900404BD4 /* Books */,
				24C45D01303D97DD00404BD4 /* CoreData */,
				24C45D09303D996B00404BD4 /* Settings */,
				24C45D11303D996E00404BD4 /* Collections */,
				24C45D19303D997200404BD4 /* Search */,
				24C45D20303D997500404BD4 /* Home */,
				24C45D53303D997E00404BD4 /* Books */,
				24C45D93303DC8BF00404BD4 /* Books */,
				24C45D94303DC8BF00404BD4 /* Common */,
			);
			name = "Foliora Books";
			productName = "Foliora Books";
			productReference = 24A7F2B8303C3BA8005D31A1 /* Foliora Books.app */;
			productType = "com.apple.product-type.application";
		};
		C00000000000000000000051 /* Foliora Bells */ = {
			isa = PBXNativeTarget;
			buildConfigurationList = C00000000000000000000061 /* Build configuration list for PBXNativeTarget "Foliora Bells" */;
			buildPhases = (
				C00000000000000000000022 /* Sources */,
				C00000000000000000000021 /* Frameworks */,
				C00000000000000000000023 /* Resources */,
			);
			buildRules = (
			);
			fileSystemSynchronizedGroups = (
				24C44993303C789200404BD4 /* Core */,
				24C44A0A303C78C800404BD4 /* Domain */,
				24C44A40303C7CDE00404BD4 /* App */,
				24C45CC3303D972B00404BD4 /* Common */,
				24C45CC4303D973300404BD4 /* Bells */,
				24C45CC7303D977900404BD4 /* Common */,
				24C45CC8303D978300404BD4 /* Bells */,
				24C45D01303D97DD00404BD4 /* CoreData */,
				24C45D09303D996B00404BD4 /* Settings */,
				24C45D11303D996E00404BD4 /* Collections */,
				24C45D19303D997200404BD4 /* Search */,
				24C45D20303D997500404BD4 /* Home */,
				24C45D3B303D997900404BD4 /* Bells */,
				24C45D92303DC8BF00404BD4 /* Bells */,
				24C45D94303DC8BF00404BD4 /* Common */,
			);
			name = "Foliora Bells";
			productName = Catalog;
			productReference = C00000000000000000000012 /* Foliora Bells.app */;
			productType = "com.apple.product-type.application";
		};
/* End PBXNativeTarget section */

/* Begin PBXProject section */
		C00000000000000000000052 /* Project object */ = {
			isa = PBXProject;
			attributes = {
				BuildIndependentTargetsInParallel = 1;
				LastSwiftUpdateCheck = 2640;
				LastUpgradeCheck = 2640;
				TargetAttributes = {
					24349FFD2FAC6FD9005383FB = {
						CreatedOnToolsVersion = 26.4.1;
					};
					246FD65E2FA8BB2900B8859A = {
						CreatedOnToolsVersion = 26.3;
					};
					24A7F2B7303C3BA8005D31A1 = {
						CreatedOnToolsVersion = 26.4.1;
					};
					C00000000000000000000051 = {
						CreatedOnToolsVersion = 26.3;
					};
				};
			};
			buildConfigurationList = C00000000000000000000062 /* Build configuration list for PBXProject "Foliora" */;
			developmentRegion = en;
			hasScannedForEncodings = 0;
			knownRegions = (
				en,
				ru,
				Base,
			);
			mainGroup = C00000000000000000000031;
			minimizedProjectReferenceProxies = 1;
			preferredProjectObjectVersion = 100;
			productRefGroup = C00000000000000000000033 /* Products */;
			projectDirPath = "";
			projectRoot = "";
			targets = (
				C00000000000000000000051 /* Foliora Bells */,
				246FD65E2FA8BB2900B8859A /* BellRecognition */,
				24349FFD2FAC6FD9005383FB /* BellRecognitionDebugML */,
				24A7F2B7303C3BA8005D31A1 /* Foliora Books */,
			);
		};
/* End PBXProject section */

/* Begin PBXResourcesBuildPhase section */
		24349FFC2FAC6FD9005383FB /* Resources */ = {
			isa = PBXResourcesBuildPhase;
			files = (
			);
		};
		246FD65D2FA8BB2900B8859A /* Resources */ = {
			isa = PBXResourcesBuildPhase;
			files = (
			);
		};
		24A7F2B6303C3BA8005D31A1 /* Resources */ = {
			isa = PBXResourcesBuildPhase;
			files = (
				24A7F2CB303C3BF4005D31A1 /* Localizable.xcstrings in Resources */,
				24A7F2CC303C3BF4005D31A1 /* Books.xcassets in Resources */,
			);
		};
		C00000000000000000000023 /* Resources */ = {
			isa = PBXResourcesBuildPhase;
			files = (
				24056ED030226D0500601C22 /* Bells.xcassets in Resources */,
				24F1A4E02FD88B0600FC1717 /* Localizable.xcstrings in Resources */,
			);
		};
/* End PBXResourcesBuildPhase section */

/* Begin PBXSourcesBuildPhase section */
		24349FFA2FAC6FD9005383FB /* Sources */ = {
			isa = PBXSourcesBuildPhase;
			files = (
			);
		};
		246FD65B2FA8BB2900B8859A /* Sources */ = {
			isa = PBXSourcesBuildPhase;
			files = (
			);
		};
		24A7F2B4303C3BA8005D31A1 /* Sources */ = {
			isa = PBXSourcesBuildPhase;
			files = (
			);
		};
		C00000000000000000000022 /* Sources */ = {
			isa = PBXSourcesBuildPhase;
			files = (
			);
		};
/* End PBXSourcesBuildPhase section */

/* Begin XCBuildConfiguration section */
		2434A0072FAC6FDA005383FB /* Debug configuration for PBXNativeTarget "BellRecognitionDebugML" */ = {
			isa = XCBuildConfiguration;
			buildSettings = {
				ASSETCATALOG_COMPILER_APPICON_NAME = AppIconBells;
				ASSETCATALOG_COMPILER_GLOBAL_ACCENT_COLOR_NAME = AccentColorBells;
				CLANG_ANALYZER_NONNULL = YES;
				CLANG_ANALYZER_NUMBER_OBJECT_CONVERSION = YES_AGGRESSIVE;
				CLANG_CXX_LANGUAGE_STANDARD = "gnu++20";
				CLANG_ENABLE_OBJC_ARC = YES;
				CLANG_ENABLE_OBJC_WEAK = YES;
				CLANG_WARN_DIRECT_OBJC_ISA_USAGE = YES_ERROR;
				CLANG_WARN_DOCUMENTATION_COMMENTS = YES;
				CLANG_WARN_OBJC_ROOT_CLASS = YES_ERROR;
				CLANG_WARN_UNGUARDED_AVAILABILITY = YES_AGGRESSIVE;
				CODE_SIGN_STYLE = Automatic;
				COMBINE_HIDPI_IMAGES = YES;
				CURRENT_PROJECT_VERSION = 1;
				DEVELOPMENT_TEAM = 8S22FH7RU6;
				ENABLE_APP_SANDBOX = YES;
				ENABLE_HARDENED_RUNTIME = YES;
				ENABLE_INCOMING_NETWORK_CONNECTIONS = NO;
				ENABLE_OUTGOING_NETWORK_CONNECTIONS = NO;
				ENABLE_PREVIEWS = YES;
				ENABLE_RESOURCE_ACCESS_AUDIO_INPUT = NO;
				ENABLE_RESOURCE_ACCESS_BLUETOOTH = NO;
				ENABLE_RESOURCE_ACCESS_CALENDARS = NO;
				ENABLE_RESOURCE_ACCESS_CAMERA = NO;
				ENABLE_RESOURCE_ACCESS_CONTACTS = NO;
				ENABLE_RESOURCE_ACCESS_LOCATION = NO;
				ENABLE_RESOURCE_ACCESS_PRINTING = NO;
				ENABLE_RESOURCE_ACCESS_USB = NO;
				ENABLE_USER_SCRIPT_SANDBOXING = YES;
				ENABLE_USER_SELECTED_FILES = readwrite;
				GCC_C_LANGUAGE_STANDARD = gnu17;
				GCC_DYNAMIC_NO_PIC = NO;
				GCC_WARN_ABOUT_RETURN_TYPE = YES_ERROR;
				GCC_WARN_UNINITIALIZED_AUTOS = YES_AGGRESSIVE;
				GENERATE_INFOPLIST_FILE = YES;
				INFOPLIST_KEY_NSHumanReadableCopyright = "";
				LD_RUNPATH_SEARCH_PATHS = (
					"$(inherited)",
					"@executable_path/../Frameworks",
				);
				LOCALIZATION_PREFERS_STRING_CATALOGS = YES;
				MACOSX_DEPLOYMENT_TARGET = 26.3;
				MARKETING_VERSION = 1.0;
				MTL_ENABLE_DEBUG_INFO = INCLUDE_SOURCE;
				MTL_FAST_MATH = YES;
				PRODUCT_BUNDLE_IDENTIFIER = com.iz.BellRecognitionDebugML;
				PRODUCT_NAME = "$(TARGET_NAME)";
				REGISTER_APP_GROUPS = YES;
				SDKROOT = macosx;
				STRING_CATALOG_GENERATE_SYMBOLS = YES;
				SWIFT_APPROACHABLE_CONCURRENCY = YES;
				SWIFT_DEFAULT_ACTOR_ISOLATION = MainActor;
				SWIFT_EMIT_LOC_STRINGS = YES;
				SWIFT_UPCOMING_FEATURE_MEMBER_IMPORT_VISIBILITY = YES;
				SWIFT_VERSION = 5.0;
			};
			name = Debug;
		};
		2434A0082FAC6FDA005383FB /* Release configuration for PBXNativeTarget "BellRecognitionDebugML" */ = {
			isa = XCBuildConfiguration;
			buildSettings = {
				ASSETCATALOG_COMPILER_APPICON_NAME = AppIconBells;
				ASSETCATALOG_COMPILER_GLOBAL_ACCENT_COLOR_NAME = AccentColorBells;
				CLANG_ANALYZER_NONNULL = YES;
				CLANG_ANALYZER_NUMBER_OBJECT_CONVERSION = YES_AGGRESSIVE;
				CLANG_CXX_LANGUAGE_STANDARD = "gnu++20";
				CLANG_ENABLE_OBJC_ARC = YES;
				CLANG_ENABLE_OBJC_WEAK = YES;
				CLANG_WARN_DIRECT_OBJC_ISA_USAGE = YES_ERROR;
				CLANG_WARN_DOCUMENTATION_COMMENTS = YES;
				CLANG_WARN_OBJC_ROOT_CLASS = YES_ERROR;
				CLANG_WARN_UNGUARDED_AVAILABILITY = YES_AGGRESSIVE;
				CODE_SIGN_STYLE = Automatic;
				COMBINE_HIDPI_IMAGES = YES;
				CURRENT_PROJECT_VERSION = 1;
				DEVELOPMENT_TEAM = 8S22FH7RU6;
				ENABLE_APP_SANDBOX = YES;
				ENABLE_HARDENED_RUNTIME = YES;
				ENABLE_INCOMING_NETWORK_CONNECTIONS = NO;
				ENABLE_OUTGOING_NETWORK_CONNECTIONS = NO;
				ENABLE_PREVIEWS = YES;
				ENABLE_RESOURCE_ACCESS_AUDIO_INPUT = NO;
				ENABLE_RESOURCE_ACCESS_BLUETOOTH = NO;
				ENABLE_RESOURCE_ACCESS_CALENDARS = NO;
				ENABLE_RESOURCE_ACCESS_CAMERA = NO;
				ENABLE_RESOURCE_ACCESS_CONTACTS = NO;
				ENABLE_RESOURCE_ACCESS_LOCATION = NO;
				ENABLE_RESOURCE_ACCESS_PRINTING = NO;
				ENABLE_RESOURCE_ACCESS_USB = NO;
				ENABLE_USER_SCRIPT_SANDBOXING = YES;
				ENABLE_USER_SELECTED_FILES = readwrite;
				GCC_C_LANGUAGE_STANDARD = gnu17;
				GCC_WARN_ABOUT_RETURN_TYPE = YES_ERROR;
				GCC_WARN_UNINITIALIZED_AUTOS = YES_AGGRESSIVE;
				GENERATE_INFOPLIST_FILE = YES;
				INFOPLIST_KEY_NSHumanReadableCopyright = "";
				LD_RUNPATH_SEARCH_PATHS = (
					"$(inherited)",
					"@executable_path/../Frameworks",
				);
				LOCALIZATION_PREFERS_STRING_CATALOGS = YES;
				MACOSX_DEPLOYMENT_TARGET = 26.3;
				MARKETING_VERSION = 1.0;
				MTL_ENABLE_DEBUG_INFO = NO;
				MTL_FAST_MATH = YES;
				PRODUCT_BUNDLE_IDENTIFIER = com.iz.BellRecognitionDebugML;
				PRODUCT_NAME = "$(TARGET_NAME)";
				REGISTER_APP_GROUPS = YES;
				SDKROOT = macosx;
				STRING_CATALOG_GENERATE_SYMBOLS = YES;
				SWIFT_APPROACHABLE_CONCURRENCY = YES;
				SWIFT_DEFAULT_ACTOR_ISOLATION = MainActor;
				SWIFT_EMIT_LOC_STRINGS = YES;
				SWIFT_UPCOMING_FEATURE_MEMBER_IMPORT_VISIBILITY = YES;
				SWIFT_VERSION = 5.0;
			};
			name = Release;
		};
		246FD6682FA8BB2A00B8859A /* Debug configuration for PBXNativeTarget "BellRecognition" */ = {
			isa = XCBuildConfiguration;
			buildSettings = {
				ASSETCATALOG_COMPILER_APPICON_NAME = AppIconBells;
				ASSETCATALOG_COMPILER_GENERATE_SWIFT_ASSET_SYMBOL_EXTENSIONS = YES;
				ASSETCATALOG_COMPILER_GLOBAL_ACCENT_COLOR_NAME = AccentColorBells;
				CLANG_ANALYZER_NONNULL = YES;
				CLANG_ANALYZER_NUMBER_OBJECT_CONVERSION = YES_AGGRESSIVE;
				CLANG_CXX_LANGUAGE_STANDARD = "gnu++20";
				CLANG_ENABLE_OBJC_ARC = YES;
				CLANG_ENABLE_OBJC_WEAK = YES;
				CLANG_WARN_BLOCK_CAPTURE_AUTORELEASING = YES;
				CLANG_WARN_BOOL_CONVERSION = YES;
				CLANG_WARN_COMMA = YES;
				CLANG_WARN_CONSTANT_CONVERSION = YES;
				CLANG_WARN_DEPRECATED_OBJC_IMPLEMENTATIONS = YES;
				CLANG_WARN_DIRECT_OBJC_ISA_USAGE = YES_ERROR;
				CLANG_WARN_DOCUMENTATION_COMMENTS = YES;
				CLANG_WARN_EMPTY_BODY = YES;
				CLANG_WARN_ENUM_CONVERSION = YES;
				CLANG_WARN_INFINITE_RECURSION = YES;
				CLANG_WARN_INT_CONVERSION = YES;
				CLANG_WARN_NON_LITERAL_NULL_CONVERSION = YES;
				CLANG_WARN_OBJC_IMPLICIT_RETAIN_SELF = YES;
				CLANG_WARN_OBJC_LITERAL_CONVERSION = YES;
				CLANG_WARN_OBJC_ROOT_CLASS = YES_ERROR;
				CLANG_WARN_QUOTED_INCLUDE_IN_FRAMEWORK_HEADER = YES;
				CLANG_WARN_RANGE_LOOP_ANALYSIS = YES;
				CLANG_WARN_STRICT_PROTOTYPES = YES;
				CLANG_WARN_SUSPICIOUS_MOVE = YES;
				CLANG_WARN_UNGUARDED_AVAILABILITY = YES_AGGRESSIVE;
				CLANG_WARN_UNREACHABLE_CODE = YES;
				CLANG_WARN__DUPLICATE_METHOD_MATCH = YES;
				CODE_SIGN_STYLE = Automatic;
				CURRENT_PROJECT_VERSION = 1;
				ENABLE_PREVIEWS = YES;
				ENABLE_STRICT_OBJC_MSGSEND = YES;
				ENABLE_TESTABILITY = YES;
				ENABLE_USER_SCRIPT_SANDBOXING = YES;
				GCC_C_LANGUAGE_STANDARD = gnu17;
				GCC_DYNAMIC_NO_PIC = NO;
				GCC_NO_COMMON_BLOCKS = YES;
				GCC_WARN_64_TO_32_BIT_CONVERSION = YES;
				GCC_WARN_ABOUT_RETURN_TYPE = YES_ERROR;
				GCC_WARN_UNDECLARED_SELECTOR = YES;
				GCC_WARN_UNINITIALIZED_AUTOS = YES_AGGRESSIVE;
				GCC_WARN_UNUSED_FUNCTION = YES;
				GCC_WARN_UNUSED_VARIABLE = YES;
				GENERATE_INFOPLIST_FILE = YES;
				INFOPLIST_KEY_UIApplicationSceneManifest_Generation = YES;
				INFOPLIST_KEY_UIApplicationSupportsIndirectInputEvents = YES;
				INFOPLIST_KEY_UILaunchScreen_Generation = YES;
				INFOPLIST_KEY_UISupportedInterfaceOrientations_iPad = "UIInterfaceOrientationPortrait UIInterfaceOrientationPortraitUpsideDown UIInterfaceOrientationLandscapeLeft UIInterfaceOrientationLandscapeRight";
				INFOPLIST_KEY_UISupportedInterfaceOrientations_iPhone = "UIInterfaceOrientationPortrait UIInterfaceOrientationLandscapeLeft UIInterfaceOrientationLandscapeRight";
				IPHONEOS_DEPLOYMENT_TARGET = 26.2;
				LD_RUNPATH_SEARCH_PATHS = (
					"$(inherited)",
					"@executable_path/Frameworks",
				);
				LOCALIZATION_PREFERS_STRING_CATALOGS = YES;
				MARKETING_VERSION = 1.0;
				MTL_ENABLE_DEBUG_INFO = INCLUDE_SOURCE;
				MTL_FAST_MATH = YES;
				ONLY_ACTIVE_ARCH = YES;
				PRODUCT_BUNDLE_IDENTIFIER = com.iz.BellRecognition;
				PRODUCT_NAME = "$(TARGET_NAME)";
				STRING_CATALOG_GENERATE_SYMBOLS = YES;
				SWIFT_APPROACHABLE_CONCURRENCY = YES;
				SWIFT_DEFAULT_ACTOR_ISOLATION = MainActor;
				SWIFT_EMIT_LOC_STRINGS = YES;
				SWIFT_UPCOMING_FEATURE_MEMBER_IMPORT_VISIBILITY = YES;
				SWIFT_VERSION = 5.0;
				TARGETED_DEVICE_FAMILY = "1,2";
			};
			name = Debug;
		};
		246FD6692FA8BB2A00B8859A /* Release configuration for PBXNativeTarget "BellRecognition" */ = {
			isa = XCBuildConfiguration;
			buildSettings = {
				ASSETCATALOG_COMPILER_APPICON_NAME = AppIconBells;
				ASSETCATALOG_COMPILER_GENERATE_SWIFT_ASSET_SYMBOL_EXTENSIONS = YES;
				ASSETCATALOG_COMPILER_GLOBAL_ACCENT_COLOR_NAME = AccentColorBells;
				CLANG_ANALYZER_NONNULL = YES;
				CLANG_ANALYZER_NUMBER_OBJECT_CONVERSION = YES_AGGRESSIVE;
				CLANG_CXX_LANGUAGE_STANDARD = "gnu++20";
				CLANG_ENABLE_OBJC_ARC = YES;
				CLANG_ENABLE_OBJC_WEAK = YES;
				CLANG_WARN_BLOCK_CAPTURE_AUTORELEASING = YES;
				CLANG_WARN_BOOL_CONVERSION = YES;
				CLANG_WARN_COMMA = YES;
				CLANG_WARN_CONSTANT_CONVERSION = YES;
				CLANG_WARN_DEPRECATED_OBJC_IMPLEMENTATIONS = YES;
				CLANG_WARN_DIRECT_OBJC_ISA_USAGE = YES_ERROR;
				CLANG_WARN_DOCUMENTATION_COMMENTS = YES;
				CLANG_WARN_EMPTY_BODY = YES;
				CLANG_WARN_ENUM_CONVERSION = YES;
				CLANG_WARN_INFINITE_RECURSION = YES;
				CLANG_WARN_INT_CONVERSION = YES;
				CLANG_WARN_NON_LITERAL_NULL_CONVERSION = YES;
				CLANG_WARN_OBJC_IMPLICIT_RETAIN_SELF = YES;
				CLANG_WARN_OBJC_LITERAL_CONVERSION = YES;
				CLANG_WARN_OBJC_ROOT_CLASS = YES_ERROR;
				CLANG_WARN_QUOTED_INCLUDE_IN_FRAMEWORK_HEADER = YES;
				CLANG_WARN_RANGE_LOOP_ANALYSIS = YES;
				CLANG_WARN_STRICT_PROTOTYPES = YES;
				CLANG_WARN_SUSPICIOUS_MOVE = YES;
				CLANG_WARN_UNGUARDED_AVAILABILITY = YES_AGGRESSIVE;
				CLANG_WARN_UNREACHABLE_CODE = YES;
				CLANG_WARN__DUPLICATE_METHOD_MATCH = YES;
				CODE_SIGN_STYLE = Automatic;
				CURRENT_PROJECT_VERSION = 1;
				ENABLE_PREVIEWS = YES;
				ENABLE_STRICT_OBJC_MSGSEND = YES;
				ENABLE_USER_SCRIPT_SANDBOXING = YES;
				GCC_C_LANGUAGE_STANDARD = gnu17;
				GCC_NO_COMMON_BLOCKS = YES;
				GCC_WARN_64_TO_32_BIT_CONVERSION = YES;
				GCC_WARN_ABOUT_RETURN_TYPE = YES_ERROR;
				GCC_WARN_UNDECLARED_SELECTOR = YES;
				GCC_WARN_UNINITIALIZED_AUTOS = YES_AGGRESSIVE;
				GCC_WARN_UNUSED_FUNCTION = YES;
				GCC_WARN_UNUSED_VARIABLE = YES;
				GENERATE_INFOPLIST_FILE = YES;
				INFOPLIST_KEY_UIApplicationSceneManifest_Generation = YES;
				INFOPLIST_KEY_UIApplicationSupportsIndirectInputEvents = YES;
				INFOPLIST_KEY_UILaunchScreen_Generation = YES;
				INFOPLIST_KEY_UISupportedInterfaceOrientations_iPad = "UIInterfaceOrientationPortrait UIInterfaceOrientationPortraitUpsideDown UIInterfaceOrientationLandscapeLeft UIInterfaceOrientationLandscapeRight";
				INFOPLIST_KEY_UISupportedInterfaceOrientations_iPhone = "UIInterfaceOrientationPortrait UIInterfaceOrientationLandscapeLeft UIInterfaceOrientationLandscapeRight";
				IPHONEOS_DEPLOYMENT_TARGET = 26.2;
				LD_RUNPATH_SEARCH_PATHS = (
					"$(inherited)",
					"@executable_path/Frameworks",
				);
				LOCALIZATION_PREFERS_STRING_CATALOGS = YES;
				MARKETING_VERSION = 1.0;
				MTL_ENABLE_DEBUG_INFO = NO;
				MTL_FAST_MATH = YES;
				PRODUCT_BUNDLE_IDENTIFIER = com.iz.BellRecognition;
				PRODUCT_NAME = "$(TARGET_NAME)";
				STRING_CATALOG_GENERATE_SYMBOLS = YES;
				SWIFT_APPROACHABLE_CONCURRENCY = YES;
				SWIFT_DEFAULT_ACTOR_ISOLATION = MainActor;
				SWIFT_EMIT_LOC_STRINGS = YES;
				SWIFT_UPCOMING_FEATURE_MEMBER_IMPORT_VISIBILITY = YES;
				SWIFT_VERSION = 5.0;
				TARGETED_DEVICE_FAMILY = "1,2";
			};
			name = Release;
		};
		24A7F2C9303C3BA9005D31A1 /* Debug configuration for PBXNativeTarget "Foliora Books" */ = {
			isa = XCBuildConfiguration;
			buildSettings = {
				CODE_SIGN_ENTITLEMENTS = "Foliora Books.entitlements";
				CODE_SIGN_STYLE = Automatic;
				CURRENT_PROJECT_VERSION = 6;
				ENABLE_APP_SANDBOX = YES;
				ENABLE_HARDENED_RUNTIME = YES;
				ENABLE_OUTGOING_NETWORK_CONNECTIONS = YES;
				ENABLE_RESOURCE_ACCESS_CAMERA = YES;
				ENABLE_RESOURCE_ACCESS_PHOTO_LIBRARY = YES;
				ENABLE_USER_SCRIPT_SANDBOXING = YES;
				ENABLE_USER_SELECTED_FILES = readonly;
				GENERATE_INFOPLIST_FILE = YES;
				INFOPLIST_FILE = "Foliora-Books-Info.plist";
				INFOPLIST_KEY_CFBundleDisplayName = "Foliora Books";
				INFOPLIST_KEY_LSRequiresIPhoneOS = YES;
				INFOPLIST_KEY_NSCameraUsageDescription = "Use the camera to add photos of collection items.";
				INFOPLIST_KEY_NSPhotoLibraryUsageDescription = "Foliora Books can access your photo library to add book photos.";
				INFOPLIST_KEY_UIApplicationSupportsIndirectInputEvents = YES;
				"INFOPLIST_KEY_UIApplicationSupportsIndirectInputEvents[sdk=iphoneos*]" = YES;
				"INFOPLIST_KEY_UIApplicationSupportsIndirectInputEvents[sdk=iphonesimulator*]" = YES;
				INFOPLIST_KEY_UISupportedInterfaceOrientations = UIInterfaceOrientationPortrait;
				INFOPLIST_KEY_UISupportedInterfaceOrientations_iPad = "UIInterfaceOrientationLandscapeLeft UIInterfaceOrientationLandscapeRight UIInterfaceOrientationPortrait UIInterfaceOrientationPortraitUpsideDown";
				INFOPLIST_KEY_UISupportedInterfaceOrientations_iPhone = UIInterfaceOrientationPortrait;
				LD_RUNPATH_SEARCH_PATHS = "@executable_path/Frameworks";
				"LD_RUNPATH_SEARCH_PATHS[sdk=macosx*]" = "@executable_path/../Frameworks";
				MARKETING_VERSION = 0.2;
				MTL_ENABLE_DEBUG_INFO = INCLUDE_SOURCE;
				MTL_FAST_MATH = YES;
				OTHER_LDFLAGS = "-lz";
				PRODUCT_BUNDLE_IDENTIFIER = "com.izipuho.Foliora-Books";
				PRODUCT_NAME = "$(TARGET_NAME)";
				REGISTER_APP_GROUPS = YES;
				TARGETED_DEVICE_FAMILY = "1,2";
			};
			name = Debug;
		};
		24A7F2CA303C3BA9005D31A1 /* Release configuration for PBXNativeTarget "Foliora Books" */ = {
			isa = XCBuildConfiguration;
			buildSettings = {
				CODE_SIGN_ENTITLEMENTS = "Foliora Books.entitlements";
				CODE_SIGN_STYLE = Automatic;
				CURRENT_PROJECT_VERSION = 6;
				ENABLE_APP_SANDBOX = YES;
				ENABLE_HARDENED_RUNTIME = YES;
				ENABLE_OUTGOING_NETWORK_CONNECTIONS = YES;
				ENABLE_RESOURCE_ACCESS_CAMERA = YES;
				ENABLE_RESOURCE_ACCESS_PHOTO_LIBRARY = YES;
				ENABLE_USER_SCRIPT_SANDBOXING = YES;
				ENABLE_USER_SELECTED_FILES = readonly;
				GENERATE_INFOPLIST_FILE = YES;
				INFOPLIST_FILE = "Foliora-Books-Info.plist";
				INFOPLIST_KEY_CFBundleDisplayName = "Foliora Books";
				INFOPLIST_KEY_LSRequiresIPhoneOS = YES;
				INFOPLIST_KEY_NSCameraUsageDescription = "Use the camera to add photos of collection items.";
				INFOPLIST_KEY_NSPhotoLibraryUsageDescription = "Foliora Books can access your photo library to add book photos.";
				INFOPLIST_KEY_UIApplicationSupportsIndirectInputEvents = YES;
				"INFOPLIST_KEY_UIApplicationSupportsIndirectInputEvents[sdk=iphoneos*]" = YES;
				"INFOPLIST_KEY_UIApplicationSupportsIndirectInputEvents[sdk=iphonesimulator*]" = YES;
				INFOPLIST_KEY_UISupportedInterfaceOrientations = UIInterfaceOrientationPortrait;
				INFOPLIST_KEY_UISupportedInterfaceOrientations_iPad = "UIInterfaceOrientationLandscapeLeft UIInterfaceOrientationLandscapeRight UIInterfaceOrientationPortrait UIInterfaceOrientationPortraitUpsideDown";
				INFOPLIST_KEY_UISupportedInterfaceOrientations_iPhone = UIInterfaceOrientationPortrait;
				LD_RUNPATH_SEARCH_PATHS = "@executable_path/Frameworks";
				"LD_RUNPATH_SEARCH_PATHS[sdk=macosx*]" = "@executable_path/../Frameworks";
				MARKETING_VERSION = 0.2;
				MTL_ENABLE_DEBUG_INFO = NO;
				MTL_FAST_MATH = YES;
				OTHER_LDFLAGS = "-lz";
				PRODUCT_BUNDLE_IDENTIFIER = "com.izipuho.Foliora-Books";
				PRODUCT_NAME = "$(TARGET_NAME)";
				REGISTER_APP_GROUPS = YES;
				TARGETED_DEVICE_FAMILY = "1,2";
			};
			name = Release;
		};
		C00000000000000000000071 /* Debug configuration for PBXProject "Foliora" */ = {
			isa = XCBuildConfiguration;
			buildSettings = {
				ALWAYS_SEARCH_USER_PATHS = NO;
				ASSETCATALOG_COMPILER_APPICON_NAME = AppIcon;
				ASSETCATALOG_COMPILER_GENERATE_SWIFT_ASSET_SYMBOL_EXTENSIONS = YES;
				ASSETCATALOG_COMPILER_GLOBAL_ACCENT_COLOR_NAME = AccentColor;
				CLANG_ANALYZER_LOCALIZABILITY_NONLOCALIZED = YES;
				CLANG_ENABLE_MODULES = YES;
				CLANG_WARN_BLOCK_CAPTURE_AUTORELEASING = YES;
				CLANG_WARN_BOOL_CONVERSION = YES;
				CLANG_WARN_COMMA = YES;
				CLANG_WARN_CONSTANT_CONVERSION = YES;
				CLANG_WARN_DEPRECATED_OBJC_IMPLEMENTATIONS = YES;
				CLANG_WARN_EMPTY_BODY = YES;
				CLANG_WARN_ENUM_CONVERSION = YES;
				CLANG_WARN_INFINITE_RECURSION = YES;
				CLANG_WARN_INT_CONVERSION = YES;
				CLANG_WARN_NON_LITERAL_NULL_CONVERSION = YES;
				CLANG_WARN_OBJC_IMPLICIT_RETAIN_SELF = YES;
				CLANG_WARN_OBJC_LITERAL_CONVERSION = YES;
				CLANG_WARN_QUOTED_INCLUDE_IN_FRAMEWORK_HEADER = YES;
				CLANG_WARN_RANGE_LOOP_ANALYSIS = YES;
				CLANG_WARN_STRICT_PROTOTYPES = YES;
				CLANG_WARN_SUSPICIOUS_MOVE = YES;
				CLANG_WARN_UNREACHABLE_CODE = YES;
				CLANG_WARN__DUPLICATE_METHOD_MATCH = YES;
				COPY_PHASE_STRIP = NO;
				DEBUG_INFORMATION_FORMAT = dwarf;
				DEVELOPMENT_TEAM = 89JC2TD8QQ;
				ENABLE_PREVIEWS = YES;
				ENABLE_STRICT_OBJC_MSGSEND = YES;
				ENABLE_TESTABILITY = YES;
				GCC_NO_COMMON_BLOCKS = YES;
				GCC_OPTIMIZATION_LEVEL = 0;
				GCC_PREPROCESSOR_DEFINITIONS = (
					"DEBUG=1",
					"$(inherited)",
				);
				GCC_WARN_64_TO_32_BIT_CONVERSION = YES;
				GCC_WARN_ABOUT_RETURN_TYPE = YES;
				GCC_WARN_UNDECLARED_SELECTOR = YES;
				GCC_WARN_UNINITIALIZED_AUTOS = YES;
				GCC_WARN_UNUSED_FUNCTION = YES;
				GCC_WARN_UNUSED_VARIABLE = YES;
				INFOPLIST_KEY_LSApplicationCategoryType = "public.app-category.lifestyle";
				INFOPLIST_KEY_UILaunchStoryboardName = LaunchScreen;
				INFOPLIST_KEY_UIStatusBarHidden = YES;
				IPHONEOS_DEPLOYMENT_TARGET = 26.0;
				LOCALIZATION_PREFERS_STRING_CATALOGS = YES;
				MACOSX_DEPLOYMENT_TARGET = 26.0;
				ONLY_ACTIVE_ARCH = YES;
				SDKROOT = iphoneos;
				STRING_CATALOG_GENERATE_SYMBOLS = YES;
				SUPPORTS_MAC_DESIGNED_FOR_IPHONE_IPAD = YES;
				SWIFT_ACTIVE_COMPILATION_CONDITIONS = "DEBUG $(inherited)";
				SWIFT_EMIT_LOC_STRINGS = YES;
				SWIFT_OPTIMIZATION_LEVEL = "-Onone";
				SWIFT_VERSION = 6.0;
			};
			name = Debug;
		};
		C00000000000000000000072 /* Release configuration for PBXProject "Foliora" */ = {
			isa = XCBuildConfiguration;
			buildSettings = {
				ALWAYS_SEARCH_USER_PATHS = NO;
				ASSETCATALOG_COMPILER_APPICON_NAME = AppIcon;
				ASSETCATALOG_COMPILER_GENERATE_SWIFT_ASSET_SYMBOL_EXTENSIONS = YES;
				ASSETCATALOG_COMPILER_GLOBAL_ACCENT_COLOR_NAME = AccentColor;
				CLANG_ANALYZER_LOCALIZABILITY_NONLOCALIZED = YES;
				CLANG_ENABLE_MODULES = YES;
				CLANG_WARN_BLOCK_CAPTURE_AUTORELEASING = YES;
				CLANG_WARN_BOOL_CONVERSION = YES;
				CLANG_WARN_COMMA = YES;
				CLANG_WARN_CONSTANT_CONVERSION = YES;
				CLANG_WARN_DEPRECATED_OBJC_IMPLEMENTATIONS = YES;
				CLANG_WARN_EMPTY_BODY = YES;
				CLANG_WARN_ENUM_CONVERSION = YES;
				CLANG_WARN_INFINITE_RECURSION = YES;
				CLANG_WARN_INT_CONVERSION = YES;
				CLANG_WARN_NON_LITERAL_NULL_CONVERSION = YES;
				CLANG_WARN_OBJC_IMPLICIT_RETAIN_SELF = YES;
				CLANG_WARN_OBJC_LITERAL_CONVERSION = YES;
				CLANG_WARN_QUOTED_INCLUDE_IN_FRAMEWORK_HEADER = YES;
				CLANG_WARN_RANGE_LOOP_ANALYSIS = YES;
				CLANG_WARN_STRICT_PROTOTYPES = YES;
				CLANG_WARN_SUSPICIOUS_MOVE = YES;
				CLANG_WARN_UNREACHABLE_CODE = YES;
				CLANG_WARN__DUPLICATE_METHOD_MATCH = YES;
				COPY_PHASE_STRIP = NO;
				DEBUG_INFORMATION_FORMAT = "dwarf-with-dsym";
				DEVELOPMENT_TEAM = 89JC2TD8QQ;
				ENABLE_NS_ASSERTIONS = NO;
				ENABLE_PREVIEWS = YES;
				ENABLE_STRICT_OBJC_MSGSEND = YES;
				GCC_NO_COMMON_BLOCKS = YES;
				GCC_WARN_64_TO_32_BIT_CONVERSION = YES;
				GCC_WARN_ABOUT_RETURN_TYPE = YES;
				GCC_WARN_UNDECLARED_SELECTOR = YES;
				GCC_WARN_UNINITIALIZED_AUTOS = YES;
				GCC_WARN_UNUSED_FUNCTION = YES;
				GCC_WARN_UNUSED_VARIABLE = YES;
				INFOPLIST_KEY_LSApplicationCategoryType = "public.app-category.lifestyle";
				INFOPLIST_KEY_UILaunchStoryboardName = LaunchScreen;
				INFOPLIST_KEY_UIStatusBarHidden = YES;
				IPHONEOS_DEPLOYMENT_TARGET = 26.0;
				LOCALIZATION_PREFERS_STRING_CATALOGS = YES;
				MACOSX_DEPLOYMENT_TARGET = 26.0;
				SDKROOT = iphoneos;
				STRING_CATALOG_GENERATE_SYMBOLS = YES;
				SUPPORTS_MAC_DESIGNED_FOR_IPHONE_IPAD = YES;
				SWIFT_COMPILATION_MODE = wholemodule;
				SWIFT_EMIT_LOC_STRINGS = YES;
				SWIFT_VERSION = 6.0;
				VALIDATE_PRODUCT = YES;
			};
			name = Release;
		};
		C00000000000000000000073 /* Debug configuration for PBXNativeTarget "Foliora Bells" */ = {
			isa = XCBuildConfiguration;
			buildSettings = {
				CODE_SIGN_ENTITLEMENTS = "Foliora Bells.entitlements";
				CURRENT_PROJECT_VERSION = 7;
				ENABLE_APP_SANDBOX = YES;
				ENABLE_HARDENED_RUNTIME = YES;
				ENABLE_OUTGOING_NETWORK_CONNECTIONS = YES;
				ENABLE_PREVIEWS = YES;
				ENABLE_RESOURCE_ACCESS_CAMERA = YES;
				ENABLE_RESOURCE_ACCESS_PHOTO_LIBRARY = YES;
				GENERATE_INFOPLIST_FILE = YES;
				INFOPLIST_FILE = "Foliora-Bells-Info.plist";
				INFOPLIST_KEY_CFBundleDisplayName = "Foliora Bells";
				INFOPLIST_KEY_ITSAppUsesNonExemptEncryption = NO;
				INFOPLIST_KEY_LSRequiresIPhoneOS = YES;
				INFOPLIST_KEY_NSCameraUsageDescription = "Use the camera to add photos of collection items.";
				INFOPLIST_KEY_NSPhotoLibraryUsageDescription = "Use your photo library to attach photos to collection items.";
				INFOPLIST_KEY_UIApplicationSceneManifest_Generation = YES;
				INFOPLIST_KEY_UIApplicationSupportsIndirectInputEvents = YES;
				INFOPLIST_KEY_UISupportedInterfaceOrientations_iPad = "UIInterfaceOrientationPortrait UIInterfaceOrientationPortraitUpsideDown UIInterfaceOrientationLandscapeLeft UIInterfaceOrientationLandscapeRight";
				INFOPLIST_KEY_UISupportedInterfaceOrientations_iPhone = UIInterfaceOrientationPortrait;
				LD_RUNPATH_SEARCH_PATHS = (
					"$(inherited)",
					"@executable_path/Frameworks",
				);
				MARKETING_VERSION = 1.1;
				OTHER_LDFLAGS = "-lz";
				PRODUCT_BUNDLE_IDENTIFIER = com.izipuho.FolioraBells;
				PRODUCT_NAME = "$(TARGET_NAME)";
				REGISTER_APP_GROUPS = YES;
				TARGETED_DEVICE_FAMILY = "1,2";
			};
			name = Debug;
		};
		C00000000000000000000074 /* Release configuration for PBXNativeTarget "Foliora Bells" */ = {
			isa = XCBuildConfiguration;
			buildSettings = {
				CODE_SIGN_ENTITLEMENTS = "Foliora Bells.entitlements";
				CURRENT_PROJECT_VERSION = 7;
				ENABLE_APP_SANDBOX = YES;
				ENABLE_HARDENED_RUNTIME = YES;
				ENABLE_OUTGOING_NETWORK_CONNECTIONS = YES;
				ENABLE_PREVIEWS = YES;
				ENABLE_RESOURCE_ACCESS_CAMERA = YES;
				ENABLE_RESOURCE_ACCESS_PHOTO_LIBRARY = YES;
				GENERATE_INFOPLIST_FILE = YES;
				INFOPLIST_FILE = "Foliora-Bells-Info.plist";
				INFOPLIST_KEY_CFBundleDisplayName = "Foliora Bells";
				INFOPLIST_KEY_ITSAppUsesNonExemptEncryption = NO;
				INFOPLIST_KEY_LSRequiresIPhoneOS = YES;
				INFOPLIST_KEY_NSCameraUsageDescription = "Use the camera to add photos of collection items.";
				INFOPLIST_KEY_NSPhotoLibraryUsageDescription = "Use your photo library to attach photos to collection items.";
				INFOPLIST_KEY_UIApplicationSceneManifest_Generation = YES;
				INFOPLIST_KEY_UIApplicationSupportsIndirectInputEvents = YES;
				INFOPLIST_KEY_UISupportedInterfaceOrientations_iPad = "UIInterfaceOrientationPortrait UIInterfaceOrientationPortraitUpsideDown UIInterfaceOrientationLandscapeLeft UIInterfaceOrientationLandscapeRight";
				INFOPLIST_KEY_UISupportedInterfaceOrientations_iPhone = UIInterfaceOrientationPortrait;
				LD_RUNPATH_SEARCH_PATHS = (
					"$(inherited)",
					"@executable_path/Frameworks",
				);
				MARKETING_VERSION = 1.1;
				OTHER_LDFLAGS = "-lz";
				PRODUCT_BUNDLE_IDENTIFIER = com.izipuho.FolioraBells;
				PRODUCT_NAME = "$(TARGET_NAME)";
				REGISTER_APP_GROUPS = YES;
				TARGETED_DEVICE_FAMILY = "1,2";
			};
			name = Release;
		};
/* End XCBuildConfiguration section */

/* Begin XCConfigurationList section */
		2434A0062FAC6FDA005383FB /* Build configuration list for PBXNativeTarget "BellRecognitionDebugML" */ = {
			isa = XCConfigurationList;
			buildConfigurations = (
				2434A0072FAC6FDA005383FB /* Debug configuration for PBXNativeTarget "BellRecognitionDebugML" */,
				2434A0082FAC6FDA005383FB /* Release configuration for PBXNativeTarget "BellRecognitionDebugML" */,
			);
			defaultConfigurationName = Debug;
		};
		246FD6672FA8BB2A00B8859A /* Build configuration list for PBXNativeTarget "BellRecognition" */ = {
			isa = XCConfigurationList;
			buildConfigurations = (
				246FD6682FA8BB2A00B8859A /* Debug configuration for PBXNativeTarget "BellRecognition" */,
				246FD6692FA8BB2A00B8859A /* Release configuration for PBXNativeTarget "BellRecognition" */,
			);
			defaultConfigurationName = Debug;
		};
		24A7F2C8303C3BA9005D31A1 /* Build configuration list for PBXNativeTarget "Foliora Books" */ = {
			isa = XCConfigurationList;
			buildConfigurations = (
				24A7F2C9303C3BA9005D31A1 /* Debug configuration for PBXNativeTarget "Foliora Books" */,
				24A7F2CA303C3BA9005D31A1 /* Release configuration for PBXNativeTarget "Foliora Books" */,
			);
			defaultConfigurationName = Debug;
		};
		C00000000000000000000061 /* Build configuration list for PBXNativeTarget "Foliora Bells" */ = {
			isa = XCConfigurationList;
			buildConfigurations = (
				C00000000000000000000073 /* Debug configuration for PBXNativeTarget "Foliora Bells" */,
				C00000000000000000000074 /* Release configuration for PBXNativeTarget "Foliora Bells" */,
			);
			defaultConfigurationName = Debug;
		};
		C00000000000000000000062 /* Build configuration list for PBXProject "Foliora" */ = {
			isa = XCConfigurationList;
			buildConfigurations = (
				C00000000000000000000071 /* Debug configuration for PBXProject "Foliora" */,
				C00000000000000000000072 /* Release configuration for PBXProject "Foliora" */,
			);
			defaultConfigurationName = Debug;
		};
/* End XCConfigurationList section */
	};
	rootObject = C00000000000000000000052 /* Project object */;
}
