// !$*UTF8*$!
{
	archiveVersion = 1;
	classes = {
	};
	objectVersion = 100;
	objects = {

/* Begin PBXBuildFile section */
		2403CED32F9F8F5100C63AB6 /* HomeDetailView.swift in Sources */ = {isa = PBXBuildFile; fileRef = 2403CED12F9F8F5100C63AB6 /* HomeDetailView.swift */; };
		2403CED42F9F8F5100C63AB6 /* HomeEditorView.swift in Sources */ = {isa = PBXBuildFile; fileRef = 2403CED22F9F8F5100C63AB6 /* HomeEditorView.swift */; };
		2403CED62F9F912300C63AB6 /* StorageMapCard.swift in Sources */ = {isa = PBXBuildFile; fileRef = 2403CED52F9F912300C63AB6 /* StorageMapCard.swift */; };
		2403CEDA2F9F945700C63AB6 /* SearchTabView.swift in Sources */ = {isa = PBXBuildFile; fileRef = 2403CED92F9F945700C63AB6 /* SearchTabView.swift */; };
		2403CEDC2F9F954D00C63AB6 /* CollectionOriginMapView.swift in Sources */ = {isa = PBXBuildFile; fileRef = 2403CEDB2F9F954D00C63AB6 /* CollectionOriginMapView.swift */; };
		2403CEDF2F9FA3A900C63AB6 /* CollectionEditorView.swift in Sources */ = {isa = PBXBuildFile; fileRef = 2403CEDD2F9FA3A900C63AB6 /* CollectionEditorView.swift */; };
		2403CEE02F9FA3A900C63AB6 /* CollectionsView.swift in Sources */ = {isa = PBXBuildFile; fileRef = 2403CEDE2F9FA3A900C63AB6 /* CollectionsView.swift */; };
		2403CEE32F9FA83A00C63AB6 /* CameraPicker.swift in Sources */ = {isa = PBXBuildFile; fileRef = 2403CEE12F9FA83A00C63AB6 /* CameraPicker.swift */; };
		2403CEE52F9FCD9F00C63AB6 /* ImageMediaBuilder.swift in Sources */ = {isa = PBXBuildFile; fileRef = 2403CEE42F9FCD9F00C63AB6 /* ImageMediaBuilder.swift */; };
		2403CEE62F9FCEAA00C63AB6 /* CollectionShellView.swift in Sources */ = {isa = PBXBuildFile; fileRef = 2403CEE72F9FCEAA00C63AB6 /* CollectionShellView.swift */; };
		2403CEE82F9FCEAA00C63AB6 /* CollectionSharingView.swift in Sources */ = {isa = PBXBuildFile; fileRef = 2403CEE92F9FCEAA00C63AB6 /* CollectionSharingView.swift */; };
		24349FF82FAB7BE5005383FB /* SemanticPhotoFeatureExtractor.swift in Sources */ = {isa = PBXBuildFile; fileRef = 24349FF72FAB7BE5005383FB /* SemanticPhotoFeatureExtractor.swift */; };
		24349FF92FAB7BE5005383FB /* SemanticPhotoFeatureExtractor.swift in Sources */ = {isa = PBXBuildFile; fileRef = 24349FF72FAB7BE5005383FB /* SemanticPhotoFeatureExtractor.swift */; };
		2434A00B2FAC7FD5005383FB /* SemanticPhotoFeatureExtractor.swift in Sources */ = {isa = PBXBuildFile; fileRef = 24349FF72FAB7BE5005383FB /* SemanticPhotoFeatureExtractor.swift */; };
		2434A00C2FAC7FDA005383FB /* PhotoAnalysis.swift in Sources */ = {isa = PBXBuildFile; fileRef = C0000000000000000000002B /* PhotoAnalysis.swift */; };
		24374F262FF50A0E00E83899 /* DashboardCard.swift in Sources */ = {isa = PBXBuildFile; fileRef = 24374F252FF50A0E00E83899 /* DashboardCard.swift */; };
		24374F2A2FF5A53700E83899 /* CatalogSnapshot.swift in Sources */ = {isa = PBXBuildFile; fileRef = 24374F292FF5A53700E83899 /* CatalogSnapshot.swift */; };
		24374F2C2FF6596800E83899 /* CatalogMetrics.swift in Sources */ = {isa = PBXBuildFile; fileRef = 24374F2B2FF6595E00E83899 /* CatalogMetrics.swift */; };
		24374F302FF6734600E83899 /* CatalogColors.swift in Sources */ = {isa = PBXBuildFile; fileRef = 24374F2F2FF6734200E83899 /* CatalogColors.swift */; };
		24374F322FF677A900E83899 /* CatalogTypography.swift in Sources */ = {isa = PBXBuildFile; fileRef = 24374F312FF677A100E83899 /* CatalogTypography.swift */; };
		24374F462FF7F0AA00E83899 /* CatalogShapes.swift in Sources */ = {isa = PBXBuildFile; fileRef = 24374F452FF7F0A700E83899 /* CatalogShapes.swift */; };
		24374F482FFA652F00E83899 /* CatalogSurfaces.swift in Sources */ = {isa = PBXBuildFile; fileRef = 24374F472FFA652700E83899 /* CatalogSurfaces.swift */; };
		244FE0462FD7200000B4D805 /* CloudSyncDiagnosticsView.swift in Sources */ = {isa = PBXBuildFile; fileRef = 244FE0452FD7200000B4D805 /* CloudSyncDiagnosticsView.swift */; };
		244FE0492FB465CF00B4D805 /* SettingsView.swift in Sources */ = {isa = PBXBuildFile; fileRef = 244FE0472FB465CF00B4D805 /* SettingsView.swift */; };
		246FD63C2FA8813800B8859A /* BellCatalogSelectionBottomPanel.swift in Sources */ = {isa = PBXBuildFile; fileRef = 246FD63B2FA8813800B8859A /* BellCatalogSelectionBottomPanel.swift */; };
		246FD6772FA8BF6300B8859A /* PhotoAnalysis.swift in Sources */ = {isa = PBXBuildFile; fileRef = C0000000000000000000002B /* PhotoAnalysis.swift */; };
		246FD67B2FA8BF8600B8859A /* BellPhotoAnalysis.swift in Sources */ = {isa = PBXBuildFile; fileRef = C0000000000000000000002C /* BellPhotoAnalysis.swift */; };
		246FD6812FA8CE2A00B8859A /* SuggestedFieldValue.swift in Sources */ = {isa = PBXBuildFile; fileRef = 246FD6802FA8CE2A00B8859A /* SuggestedFieldValue.swift */; };
		246FD6822FA8CE2A00B8859A /* SuggestedFieldValue.swift in Sources */ = {isa = PBXBuildFile; fileRef = 246FD6802FA8CE2A00B8859A /* SuggestedFieldValue.swift */; };
		246FD6832FA8CE2A00B8859A /* BellGridView.swift in Sources */ = {isa = PBXBuildFile; fileRef = 246FD6842FA8CE2A00B8859A /* BellGridView.swift */; };
		246FD6852FA8CE2A00B8859A /* BellListItem.swift in Sources */ = {isa = PBXBuildFile; fileRef = 246FD6872FA8CE2A00B8859A /* BellListItem.swift */; };
		249A28282FDC1940009A0E03 /* CoreDataCatalogRepository.swift in Sources */ = {isa = PBXBuildFile; fileRef = 249A28272FDC1940009A0E03 /* CoreDataCatalogRepository.swift */; };
		249A283A2FDC3A61009A0E03 /* BellCatalogSnapshot.swift in Sources */ = {isa = PBXBuildFile; fileRef = 249A28392FDC3A61009A0E03 /* BellCatalogSnapshot.swift */; };
		249A283C2FDC4074009A0E03 /* BellLookupSnapshot.swift in Sources */ = {isa = PBXBuildFile; fileRef = 249A283B2FDC4074009A0E03 /* BellLookupSnapshot.swift */; };
		24BFE4E22F9CF2BE00421A40 /* BellEditorView.swift in Sources */ = {isa = PBXBuildFile; fileRef = 24BFE4E12F9CF2BE00421A40 /* BellEditorView.swift */; };
		24BFE4E92F9CF57C00421A40 /* CatalogModels.swift in Sources */ = {isa = PBXBuildFile; fileRef = 24BFE4E72F9CF57C00421A40 /* CatalogModels.swift */; };
		24BFE4EB2F9CF73000421A40 /* BellCatalogDashboard.swift in Sources */ = {isa = PBXBuildFile; fileRef = 24BFE4EA2F9CF73000421A40 /* BellCatalogDashboard.swift */; };
		24F1A4542FD6B4CF00FC1717 /* LaunchScreenBells.storyboard in Resources */ = {isa = PBXBuildFile; fileRef = 24F1A4532FD6B4CF00FC1717 /* LaunchScreenBells.storyboard */; };
		24F1A4662FD7E36A00FC1717 /* LaunchScreenBells 2.storyboard in Resources */ = {isa = PBXBuildFile; fileRef = 24F1A4652FD7E36A00FC1717 /* LaunchScreenBells 2.storyboard */; };
		24F1A4882FD8318B00FC1717 /* BellBatchAddView.swift in Sources */ = {isa = PBXBuildFile; fileRef = 24F1A4872FD8318B00FC1717 /* BellBatchAddView.swift */; };
		24F1A4BA2FD856AA00FC1717 /* CatalogEmptyStateView.swift in Sources */ = {isa = PBXBuildFile; fileRef = 24F1A4B92FD856AA00FC1717 /* CatalogEmptyStateView.swift */; };
		24F1A4E02FD88B0600FC1717 /* Localizable.xcstrings in Resources */ = {isa = PBXBuildFile; fileRef = 24F1A4DF2FD88B0600FC1717 /* Localizable.xcstrings */; };
		24F1A5042FD90E8C00FC1717 /* CatalogContainerList.swift in Sources */ = {isa = PBXBuildFile; fileRef = 24F1A5032FD90E8C00FC1717 /* CatalogContainerList.swift */; };
		24F1A5242FD9880600FC1717 /* CloudKitSharingMapper.swift in Sources */ = {isa = PBXBuildFile; fileRef = 24F1A5232FD9880600FC1717 /* CloudKitSharingMapper.swift */; };
		24F1A5262FD98A1900FC1717 /* CollectionSharingState.swift in Sources */ = {isa = PBXBuildFile; fileRef = 24F1A5252FD98A1900FC1717 /* CollectionSharingState.swift */; };
		24F1A5282FD9932400FC1717 /* CloudKitCollectionSharingService.swift in Sources */ = {isa = PBXBuildFile; fileRef = 24F1A5272FD9932400FC1717 /* CloudKitCollectionSharingService.swift */; };
		24F1A54A2FDB309D00FC1717 /* FolioraApp.swift in Sources */ = {isa = PBXBuildFile; fileRef = 24F1A5492FDB309D00FC1717 /* FolioraApp.swift */; };
		24F1A54C2FDB345500FC1717 /* CloudKitSharingSceneDelegate.swift in Sources */ = {isa = PBXBuildFile; fileRef = 24F1A54B2FDB345500FC1717 /* CloudKitSharingSceneDelegate.swift */; };
		C000000000000000000000A2 /* AppContainer.swift in Sources */ = {isa = PBXBuildFile; fileRef = C00000000000000000000002 /* AppContainer.swift */; };
		C000000000000000000000A3 /* AppRouter.swift in Sources */ = {isa = PBXBuildFile; fileRef = C00000000000000000000003 /* AppRouter.swift */; };
		C000000000000000000000A5 /* CollectionModels.swift in Sources */ = {isa = PBXBuildFile; fileRef = C00000000000000000000005 /* CollectionModels.swift */; };
		C000000000000000000000A6 /* ItemModels.swift in Sources */ = {isa = PBXBuildFile; fileRef = C00000000000000000000006 /* ItemModels.swift */; };
		C000000000000000000000A7 /* BellItem.swift in Sources */ = {isa = PBXBuildFile; fileRef = C00000000000000000000007 /* BellItem.swift */; };
		C000000000000000000000A8 /* Place.swift in Sources */ = {isa = PBXBuildFile; fileRef = C00000000000000000000008 /* Place.swift */; };
		C000000000000000000000A9 /* MediaAsset.swift in Sources */ = {isa = PBXBuildFile; fileRef = C00000000000000000000009 /* MediaAsset.swift */; };
		C000000000000000000000AA /* SharingModels.swift in Sources */ = {isa = PBXBuildFile; fileRef = C0000000000000000000000A /* SharingModels.swift */; };
		C000000000000000000000AB /* CatalogRepository.swift in Sources */ = {isa = PBXBuildFile; fileRef = C0000000000000000000000B /* CatalogRepository.swift */; };
		C000000000000000000000AD /* HomeView.swift in Sources */ = {isa = PBXBuildFile; fileRef = C0000000000000000000000D /* HomeView.swift */; };
		C000000000000000000000AE /* BellCatalogView.swift in Sources */ = {isa = PBXBuildFile; fileRef = C0000000000000000000000E /* BellCatalogView.swift */; };
		C000000000000000000000AF /* BellDetailView.swift in Sources */ = {isa = PBXBuildFile; fileRef = C0000000000000000000000F /* BellDetailView.swift */; };
		C000000000000000000000B1 /* Assets.xcassets in Resources */ = {isa = PBXBuildFile; fileRef = C00000000000000000000011 /* Assets.xcassets */; };
		C000000000000000000000B2 /* EditorFields.swift in Sources */ = {isa = PBXBuildFile; fileRef = C00000000000000000000013 /* EditorFields.swift */; };
		C000000000000000000000B6 /* LocalMediaFileStore.swift in Sources */ = {isa = PBXBuildFile; fileRef = C00000000000000000000018 /* LocalMediaFileStore.swift */; };
		C000000000000000000000B9 /* BellCardView.swift in Sources */ = {isa = PBXBuildFile; fileRef = C0000000000000000000001F /* BellCardView.swift */; };
		C000000000000000000000BD /* CatalogTransferBundle.swift in Sources */ = {isa = PBXBuildFile; fileRef = C00000000000000000000028 /* CatalogTransferBundle.swift */; };
		C000000000000000000000BE /* CatalogJSONPort.swift in Sources */ = {isa = PBXBuildFile; fileRef = C00000000000000000000029 /* CatalogJSONPort.swift */; };
		C000000000000000000000BF /* CatalogTransferDocument.swift in Sources */ = {isa = PBXBuildFile; fileRef = C0000000000000000000002A /* CatalogTransferDocument.swift */; };
		C000000000000000000000C0 /* PhotoAnalysis.swift in Sources */ = {isa = PBXBuildFile; fileRef = C0000000000000000000002B /* PhotoAnalysis.swift */; };
		C000000000000000000000C1 /* BellPhotoAnalysis.swift in Sources */ = {isa = PBXBuildFile; fileRef = C0000000000000000000002C /* BellPhotoAnalysis.swift */; };
		C000000000000000000000C2 /* BellCatalogViewModel.swift in Sources */ = {isa = PBXBuildFile; fileRef = C0000000000000000000002D /* BellCatalogViewModel.swift */; };
		C000000000000000000000C3 /* AsyncThumbnailLoader.swift in Sources */ = {isa = PBXBuildFile; fileRef = C0000000000000000000002E /* AsyncThumbnailLoader.swift */; };
		C000000000000000000000C4 /* CatalogImportExportActor.swift in Sources */ = {isa = PBXBuildFile; fileRef = C0000000000000000000002F /* CatalogImportExportActor.swift */; };
		C000000000000000000000C5 /* CatalogLayouts.swift in Sources */ = {isa = PBXBuildFile; fileRef = C00000000000000000000030 /* CatalogLayouts.swift */; };
		C000000000000000000000C7 /* CatalogArchiveService.swift in Sources */ = {isa = PBXBuildFile; fileRef = C00000000000000000000040 /* CatalogArchiveService.swift */; };
		D000000000000000000000C6 /* BellDetailView+Subviews.swift in Sources */ = {isa = PBXBuildFile; fileRef = D00000000000000000000031 /* BellDetailView+Subviews.swift */; };
		E00000000000000000000005 /* FolioraCoreDataStack.swift in Sources */ = {isa = PBXBuildFile; fileRef = E00000000000000000000002 /* FolioraCoreDataStack.swift */; };
		E00000000000000000000006 /* Foliora.xcdatamodeld in Sources */ = {isa = PBXBuildFile; fileRef = E00000000000000000000003 /* Foliora.xcdatamodeld */; };
/* End PBXBuildFile section */

/* Begin PBXFileReference section */
		2403CED12F9F8F5100C63AB6 /* HomeDetailView.swift */ = {isa = PBXFileReference; lastKnownFileType = sourcecode.swift; path = HomeDetailView.swift; sourceTree = "<group>"; };
		2403CED22F9F8F5100C63AB6 /* HomeEditorView.swift */ = {isa = PBXFileReference; lastKnownFileType = sourcecode.swift; path = HomeEditorView.swift; sourceTree = "<group>"; };
		2403CED52F9F912300C63AB6 /* StorageMapCard.swift */ = {isa = PBXFileReference; lastKnownFileType = sourcecode.swift; path = StorageMapCard.swift; sourceTree = "<group>"; };
		2403CED92F9F945700C63AB6 /* SearchTabView.swift */ = {isa = PBXFileReference; lastKnownFileType = sourcecode.swift; path = SearchTabView.swift; sourceTree = "<group>"; };
		2403CEDB2F9F954D00C63AB6 /* CollectionOriginMapView.swift */ = {isa = PBXFileReference; lastKnownFileType = sourcecode.swift; path = CollectionOriginMapView.swift; sourceTree = "<group>"; };
		2403CEDD2F9FA3A900C63AB6 /* CollectionEditorView.swift */ = {isa = PBXFileReference; lastKnownFileType = sourcecode.swift; path = CollectionEditorView.swift; sourceTree = "<group>"; };
		2403CEDE2F9FA3A900C63AB6 /* CollectionsView.swift */ = {isa = PBXFileReference; lastKnownFileType = sourcecode.swift; path = CollectionsView.swift; sourceTree = "<group>"; };
		2403CEE12F9FA83A00C63AB6 /* CameraPicker.swift */ = {isa = PBXFileReference; lastKnownFileType = sourcecode.swift; path = CameraPicker.swift; sourceTree = "<group>"; };
		2403CEE42F9FCD9F00C63AB6 /* ImageMediaBuilder.swift */ = {isa = PBXFileReference; lastKnownFileType = sourcecode.swift; path = ImageMediaBuilder.swift; sourceTree = "<group>"; };
		2403CEE72F9FCEAA00C63AB6 /* CollectionShellView.swift */ = {isa = PBXFileReference; lastKnownFileType = sourcecode.swift; path = CollectionShellView.swift; sourceTree = "<group>"; };
		2403CEE92F9FCEAA00C63AB6 /* CollectionSharingView.swift */ = {isa = PBXFileReference; lastKnownFileType = sourcecode.swift; path = CollectionSharingView.swift; sourceTree = "<group>"; };
		24349FF72FAB7BE5005383FB /* SemanticPhotoFeatureExtractor.swift */ = {isa = PBXFileReference; lastKnownFileType = sourcecode.swift; path = SemanticPhotoFeatureExtractor.swift; sourceTree = "<group>"; };
		24349FFE2FAC6FD9005383FB /* BellRecognitionDebugML.app */ = {isa = PBXFileReference; explicitFileType = wrapper.application; includeInIndex = 0; path = BellRecognitionDebugML.app; sourceTree = BUILT_PRODUCTS_DIR; };
		24374F252FF50A0E00E83899 /* DashboardCard.swift */ = {isa = PBXFileReference; lastKnownFileType = sourcecode.swift; path = DashboardCard.swift; sourceTree = "<group>"; };
		24374F292FF5A53700E83899 /* CatalogSnapshot.swift */ = {isa = PBXFileReference; lastKnownFileType = sourcecode.swift; path = CatalogSnapshot.swift; sourceTree = "<group>"; };
		24374F2B2FF6595E00E83899 /* CatalogMetrics.swift */ = {isa = PBXFileReference; lastKnownFileType = sourcecode.swift; path = CatalogMetrics.swift; sourceTree = "<group>"; };
		24374F2F2FF6734200E83899 /* CatalogColors.swift */ = {isa = PBXFileReference; lastKnownFileType = sourcecode.swift; path = CatalogColors.swift; sourceTree = "<group>"; };
		24374F312FF677A100E83899 /* CatalogTypography.swift */ = {isa = PBXFileReference; lastKnownFileType = sourcecode.swift; path = CatalogTypography.swift; sourceTree = "<group>"; };
		24374F452FF7F0A700E83899 /* CatalogShapes.swift */ = {isa = PBXFileReference; lastKnownFileType = sourcecode.swift; path = CatalogShapes.swift; sourceTree = "<group>"; };
		24374F472FFA652700E83899 /* CatalogSurfaces.swift */ = {isa = PBXFileReference; lastKnownFileType = sourcecode.swift; path = CatalogSurfaces.swift; sourceTree = "<group>"; };
		244FE0452FD7200000B4D805 /* CloudSyncDiagnosticsView.swift */ = {isa = PBXFileReference; lastKnownFileType = sourcecode.swift; path = CloudSyncDiagnosticsView.swift; sourceTree = "<group>"; };
		244FE0472FB465CF00B4D805 /* SettingsView.swift */ = {isa = PBXFileReference; lastKnownFileType = sourcecode.swift; path = SettingsView.swift; sourceTree = "<group>"; };
		246FD63B2FA8813800B8859A /* BellCatalogSelectionBottomPanel.swift */ = {isa = PBXFileReference; lastKnownFileType = sourcecode.swift; path = BellCatalogSelectionBottomPanel.swift; sourceTree = "<group>"; };
		246FD65F2FA8BB2900B8859A /* BellRecognition.app */ = {isa = PBXFileReference; explicitFileType = wrapper.application; includeInIndex = 0; path = BellRecognition.app; sourceTree = BUILT_PRODUCTS_DIR; };
		246FD6802FA8CE2A00B8859A /* SuggestedFieldValue.swift */ = {isa = PBXFileReference; lastKnownFileType = sourcecode.swift; path = SuggestedFieldValue.swift; sourceTree = "<group>"; };
		246FD6842FA8CE2A00B8859A /* BellGridView.swift */ = {isa = PBXFileReference; lastKnownFileType = sourcecode.swift; path = BellGridView.swift; sourceTree = "<group>"; };
		246FD6872FA8CE2A00B8859A /* BellListItem.swift */ = {isa = PBXFileReference; lastKnownFileType = sourcecode.swift; path = BellListItem.swift; sourceTree = "<group>"; };
		249A28272FDC1940009A0E03 /* CoreDataCatalogRepository.swift */ = {isa = PBXFileReference; lastKnownFileType = sourcecode.swift; path = CoreDataCatalogRepository.swift; sourceTree = "<group>"; };
		249A28392FDC3A61009A0E03 /* BellCatalogSnapshot.swift */ = {isa = PBXFileReference; lastKnownFileType = sourcecode.swift; path = BellCatalogSnapshot.swift; sourceTree = "<group>"; };
		249A283B2FDC4074009A0E03 /* BellLookupSnapshot.swift */ = {isa = PBXFileReference; lastKnownFileType = sourcecode.swift; path = BellLookupSnapshot.swift; sourceTree = "<group>"; };
		24BFE4E12F9CF2BE00421A40 /* BellEditorView.swift */ = {isa = PBXFileReference; lastKnownFileType = sourcecode.swift; path = BellEditorView.swift; sourceTree = "<group>"; };
		24BFE4E72F9CF57C00421A40 /* CatalogModels.swift */ = {isa = PBXFileReference; lastKnownFileType = sourcecode.swift; path = CatalogModels.swift; sourceTree = "<group>"; };
		24BFE4EA2F9CF73000421A40 /* BellCatalogDashboard.swift */ = {isa = PBXFileReference; lastKnownFileType = sourcecode.swift; path = BellCatalogDashboard.swift; sourceTree = "<group>"; };
		24F1A44D2FD03B6300FC1717 /* Foliora Bells.entitlements */ = {isa = PBXFileReference; lastKnownFileType = text.plist.entitlements; path = "Foliora Bells.entitlements"; sourceTree = "<group>"; };
		24F1A44E2FD0405D00FC1717 /* Foliora-Bells-Info.plist */ = {isa = PBXFileReference; lastKnownFileType = text.plist; path = "Foliora-Bells-Info.plist"; sourceTree = "<group>"; };
		24F1A4532FD6B4CF00FC1717 /* LaunchScreenBells.storyboard */ = {isa = PBXFileReference; lastKnownFileType = file.storyboard; path = LaunchScreenBells.storyboard; sourceTree = "<group>"; };
		24F1A4652FD7E36A00FC1717 /* LaunchScreenBells 2.storyboard */ = {isa = PBXFileReference; lastKnownFileType = file.storyboard; path = "LaunchScreenBells 2.storyboard"; sourceTree = "<group>"; };
		24F1A4872FD8318B00FC1717 /* BellBatchAddView.swift */ = {isa = PBXFileReference; lastKnownFileType = sourcecode.swift; path = BellBatchAddView.swift; sourceTree = "<group>"; };
		24F1A4B92FD856AA00FC1717 /* CatalogEmptyStateView.swift */ = {isa = PBXFileReference; lastKnownFileType = sourcecode.swift; path = CatalogEmptyStateView.swift; sourceTree = "<group>"; };
		24F1A4DF2FD88B0600FC1717 /* Localizable.xcstrings */ = {isa = PBXFileReference; lastKnownFileType = text.json.xcstrings; path = Localizable.xcstrings; sourceTree = "<group>"; };
		24F1A5032FD90E8C00FC1717 /* CatalogContainerList.swift */ = {isa = PBXFileReference; lastKnownFileType = sourcecode.swift; path = CatalogContainerList.swift; sourceTree = "<group>"; };
		24F1A5232FD9880600FC1717 /* CloudKitSharingMapper.swift */ = {isa = PBXFileReference; lastKnownFileType = sourcecode.swift; path = CloudKitSharingMapper.swift; sourceTree = "<group>"; };
		24F1A5252FD98A1900FC1717 /* CollectionSharingState.swift */ = {isa = PBXFileReference; lastKnownFileType = sourcecode.swift; path = CollectionSharingState.swift; sourceTree = "<group>"; };
		24F1A5272FD9932400FC1717 /* CloudKitCollectionSharingService.swift */ = {isa = PBXFileReference; lastKnownFileType = sourcecode.swift; path = CloudKitCollectionSharingService.swift; sourceTree = "<group>"; };
		24F1A5492FDB309D00FC1717 /* FolioraApp.swift */ = {isa = PBXFileReference; lastKnownFileType = sourcecode.swift; path = FolioraApp.swift; sourceTree = "<group>"; };
		24F1A54B2FDB345500FC1717 /* CloudKitSharingSceneDelegate.swift */ = {isa = PBXFileReference; lastKnownFileType = sourcecode.swift; path = CloudKitSharingSceneDelegate.swift; sourceTree = "<group>"; };
		C00000000000000000000002 /* AppContainer.swift */ = {isa = PBXFileReference; lastKnownFileType = sourcecode.swift; path = AppContainer.swift; sourceTree = "<group>"; };
		C00000000000000000000003 /* AppRouter.swift */ = {isa = PBXFileReference; lastKnownFileType = sourcecode.swift; path = AppRouter.swift; sourceTree = "<group>"; };
		C00000000000000000000005 /* CollectionModels.swift */ = {isa = PBXFileReference; lastKnownFileType = sourcecode.swift; path = CollectionModels.swift; sourceTree = "<group>"; };
		C00000000000000000000006 /* ItemModels.swift */ = {isa = PBXFileReference; lastKnownFileType = sourcecode.swift; path = ItemModels.swift; sourceTree = "<group>"; };
		C00000000000000000000007 /* BellItem.swift */ = {isa = PBXFileReference; lastKnownFileType = sourcecode.swift; path = BellItem.swift; sourceTree = "<group>"; };
		C00000000000000000000008 /* Place.swift */ = {isa = PBXFileReference; lastKnownFileType = sourcecode.swift; path = Place.swift; sourceTree = "<group>"; };
		C00000000000000000000009 /* MediaAsset.swift */ = {isa = PBXFileReference; lastKnownFileType = sourcecode.swift; path = MediaAsset.swift; sourceTree = "<group>"; };
		C0000000000000000000000A /* SharingModels.swift */ = {isa = PBXFileReference; lastKnownFileType = sourcecode.swift; path = SharingModels.swift; sourceTree = "<group>"; };
		C0000000000000000000000B /* CatalogRepository.swift */ = {isa = PBXFileReference; lastKnownFileType = sourcecode.swift; path = CatalogRepository.swift; sourceTree = "<group>"; };
		C0000000000000000000000D /* HomeView.swift */ = {isa = PBXFileReference; lastKnownFileType = sourcecode.swift; path = HomeView.swift; sourceTree = "<group>"; };
		C0000000000000000000000E /* BellCatalogView.swift */ = {isa = PBXFileReference; lastKnownFileType = sourcecode.swift; path = BellCatalogView.swift; sourceTree = "<group>"; };
		C0000000000000000000000F /* BellDetailView.swift */ = {isa = PBXFileReference; lastKnownFileType = sourcecode.swift; path = BellDetailView.swift; sourceTree = "<group>"; };
		C00000000000000000000011 /* Assets.xcassets */ = {isa = PBXFileReference; lastKnownFileType = folder.assetcatalog; path = Assets.xcassets; sourceTree = "<group>"; };
		C00000000000000000000012 /* Foliora Bells.app */ = {isa = PBXFileReference; explicitFileType = wrapper.application; includeInIndex = 0; path = "Foliora Bells.app"; sourceTree = BUILT_PRODUCTS_DIR; };
		C00000000000000000000013 /* EditorFields.swift */ = {isa = PBXFileReference; lastKnownFileType = sourcecode.swift; path = EditorFields.swift; sourceTree = "<group>"; };
		C00000000000000000000016 /* Catalog.entitlements */ = {isa = PBXFileReference; lastKnownFileType = text.plist.entitlements; path = Catalog.entitlements; sourceTree = "<group>"; };
		C00000000000000000000018 /* LocalMediaFileStore.swift */ = {isa = PBXFileReference; lastKnownFileType = sourcecode.swift; path = LocalMediaFileStore.swift; sourceTree = "<group>"; };
		C0000000000000000000001F /* BellCardView.swift */ = {isa = PBXFileReference; lastKnownFileType = sourcecode.swift; path = BellCardView.swift; sourceTree = "<group>"; };
		C00000000000000000000028 /* CatalogTransferBundle.swift */ = {isa = PBXFileReference; lastKnownFileType = sourcecode.swift; path = CatalogTransferBundle.swift; sourceTree = "<group>"; };
		C00000000000000000000029 /* CatalogJSONPort.swift */ = {isa = PBXFileReference; lastKnownFileType = sourcecode.swift; path = CatalogJSONPort.swift; sourceTree = "<group>"; };
		C0000000000000000000002A /* CatalogTransferDocument.swift */ = {isa = PBXFileReference; lastKnownFileType = sourcecode.swift; path = CatalogTransferDocument.swift; sourceTree = "<group>"; };
		C0000000000000000000002B /* PhotoAnalysis.swift */ = {isa = PBXFileReference; lastKnownFileType = sourcecode.swift; path = PhotoAnalysis.swift; sourceTree = "<group>"; };
		C0000000000000000000002C /* BellPhotoAnalysis.swift */ = {isa = PBXFileReference; lastKnownFileType = sourcecode.swift; path = BellPhotoAnalysis.swift; sourceTree = "<group>"; };
		C0000000000000000000002D /* BellCatalogViewModel.swift */ = {isa = PBXFileReference; lastKnownFileType = sourcecode.swift; path = BellCatalogViewModel.swift; sourceTree = "<group>"; };
		C0000000000000000000002E /* AsyncThumbnailLoader.swift */ = {isa = PBXFileReference; lastKnownFileType = sourcecode.swift; path = AsyncThumbnailLoader.swift; sourceTree = "<group>"; };
		C0000000000000000000002F /* CatalogImportExportActor.swift */ = {isa = PBXFileReference; lastKnownFileType = sourcecode.swift; path = CatalogImportExportActor.swift; sourceTree = "<group>"; };
		C00000000000000000000030 /* CatalogLayouts.swift */ = {isa = PBXFileReference; lastKnownFileType = sourcecode.swift; path = CatalogLayouts.swift; sourceTree = "<group>"; };
		C00000000000000000000040 /* CatalogArchiveService.swift */ = {isa = PBXFileReference; lastKnownFileType = sourcecode.swift; path = CatalogArchiveService.swift; sourceTree = "<group>"; };
		D00000000000000000000031 /* BellDetailView+Subviews.swift */ = {isa = PBXFileReference; lastKnownFileType = sourcecode.swift; path = "BellDetailView+Subviews.swift"; sourceTree = "<group>"; };
		E00000000000000000000002 /* FolioraCoreDataStack.swift */ = {isa = PBXFileReference; lastKnownFileType = sourcecode.swift; path = FolioraCoreDataStack.swift; sourceTree = "<group>"; };
		E00000000000000000000004 /* Foliora.xcdatamodel */ = {isa = PBXFileReference; lastKnownFileType = wrapper.xcdatamodel; path = Foliora.xcdatamodel; sourceTree = "<group>"; };
/* End PBXFileReference section */

/* Begin PBXFileSystemSynchronizedRootGroup section */
		24349FFF2FAC6FD9005383FB /* BellRecognitionDebugML */ = {
			isa = PBXFileSystemSynchronizedRootGroup;
			path = BellRecognitionDebugML;
			sourceTree = "<group>";
		};
		246FD6602FA8BB2900B8859A /* BellRecognition */ = {
			isa = PBXFileSystemSynchronizedRootGroup;
			path = BellRecognition;
			sourceTree = "<group>";
		};
/* End PBXFileSystemSynchronizedRootGroup section */

/* Begin PBXFrameworksBuildPhase section */
		24349FFB2FAC6FD9005383FB /* Frameworks */ = {
			isa = PBXFrameworksBuildPhase;
			files = (
			);
		};
		246FD65C2FA8BB2900B8859A /* Frameworks */ = {
			isa = PBXFrameworksBuildPhase;
			files = (
			);
		};
		C00000000000000000000021 /* Frameworks */ = {
			isa = PBXFrameworksBuildPhase;
			files = (
			);
		};
/* End PBXFrameworksBuildPhase section */

/* Begin PBXGroup section */
		2403CEE22F9FA83A00C63AB6 /* Shared */ = {
			isa = PBXGroup;
			children = (
				2403CEE42F9FCD9F00C63AB6 /* ImageMediaBuilder.swift */,
				2403CEE12F9FA83A00C63AB6 /* CameraPicker.swift */,
			);
			path = Shared;
			sourceTree = "<group>";
		};
		24374F232FF4F93800E83899 /* DesignSystem */ = {
			isa = PBXGroup;
			children = (
				24374F472FFA652700E83899 /* CatalogSurfaces.swift */,
				24374F452FF7F0A700E83899 /* CatalogShapes.swift */,
				24374F312FF677A100E83899 /* CatalogTypography.swift */,
				24374F2F2FF6734200E83899 /* CatalogColors.swift */,
				24374F2B2FF6595E00E83899 /* CatalogMetrics.swift */,
			);
			path = DesignSystem;
			sourceTree = "<group>";
		};
		244FE0482FB465CF00B4D805 /* Settings */ = {
			isa = PBXGroup;
			children = (
				244FE0452FD7200000B4D805 /* CloudSyncDiagnosticsView.swift */,
				244FE0472FB465CF00B4D805 /* SettingsView.swift */,
			);
			path = Settings;
			sourceTree = "<group>";
		};
		24BFE4E82F9CF57C00421A40 /* Catalog */ = {
			isa = PBXGroup;
			children = (
				24BFE4E72F9CF57C00421A40 /* CatalogModels.swift */,
			);
			path = Catalog;
			sourceTree = "<group>";
		};
		C00000000000000000000031 = {
			isa = PBXGroup;
			children = (
				24F1A44E2FD0405D00FC1717 /* Foliora-Bells-Info.plist */,
				24F1A44D2FD03B6300FC1717 /* Foliora Bells.entitlements */,
				C00000000000000000000032 /* Catalog */,
				246FD6602FA8BB2900B8859A /* BellRecognition */,
				24349FFF2FAC6FD9005383FB /* BellRecognitionDebugML */,
				C00000000000000000000033 /* Products */,
			);
			sourceTree = "<group>";
		};
		C00000000000000000000032 /* Catalog */ = {
			isa = PBXGroup;
			children = (
				C00000000000000000000034 /* App */,
				C00000000000000000000035 /* Core */,
				C00000000000000000000036 /* Domain */,
				C00000000000000000000037 /* Data */,
				C00000000000000000000038 /* Features */,
				C00000000000000000000039 /* Resources */,
				C00000000000000000000016 /* Catalog.entitlements */,
				2403CEE22F9FA83A00C63AB6 /* Shared */,
			);
			path = Catalog;
			sourceTree = "<group>";
		};
		C00000000000000000000033 /* Products */ = {
			isa = PBXGroup;
			children = (
				C00000000000000000000012 /* Foliora Bells.app */,
				246FD65F2FA8BB2900B8859A /* BellRecognition.app */,
				24349FFE2FAC6FD9005383FB /* BellRecognitionDebugML.app */,
			);
			name = Products;
			sourceTree = "<group>";
		};
		C00000000000000000000034 /* App */ = {
			isa = PBXGroup;
			children = (
				24F1A5492FDB309D00FC1717 /* FolioraApp.swift */,
				24F1A54B2FDB345500FC1717 /* CloudKitSharingSceneDelegate.swift */,
				C00000000000000000000002 /* AppContainer.swift */,
			);
			path = App;
			sourceTree = "<group>";
		};
		C00000000000000000000035 /* Core */ = {
			isa = PBXGroup;
			children = (
				24374F232FF4F93800E83899 /* DesignSystem */,
				C0000000000000000000003A /* Navigation */,
				C0000000000000000000004A /* PhotoAnalysis */,
				C0000000000000000000003B /* SharedUI */,
			);
			path = Core;
			sourceTree = "<group>";
		};
		C00000000000000000000036 /* Domain */ = {
			isa = PBXGroup;
			children = (
				24BFE4E82F9CF57C00421A40 /* Catalog */,
				C0000000000000000000003C /* Collections */,
				C0000000000000000000003D /* Items */,
				C0000000000000000000003E /* Sharing */,
			);
			path = Domain;
			sourceTree = "<group>";
		};
		C00000000000000000000037 /* Data */ = {
			isa = PBXGroup;
			children = (
				C0000000000000000000003F /* Repositories */,
				E00000000000000000000001 /* CoreData */,
				C00000000000000000000049 /* ImportExport */,
			);
			path = Data;
			sourceTree = "<group>";
		};
		C00000000000000000000038 /* Features */ = {
			isa = PBXGroup;
			children = (
				244FE0482FB465CF00B4D805 /* Settings */,
				C00000000000000000000041 /* Collections */,
				C00000000000000000000042 /* Bells */,
				C00000000000000000000044 /* Home */,
			);
			path = Features;
			sourceTree = "<group>";
		};
		C00000000000000000000039 /* Resources */ = {
			isa = PBXGroup;
			children = (
				C00000000000000000000011 /* Assets.xcassets */,
				24F1A4DF2FD88B0600FC1717 /* Localizable.xcstrings */,
			);
			path = Resources;
			sourceTree = "<group>";
		};
		C0000000000000000000003A /* Navigation */ = {
			isa = PBXGroup;
			children = (
				C00000000000000000000003 /* AppRouter.swift */,
			);
			path = Navigation;
			sourceTree = "<group>";
		};
		C0000000000000000000003B /* SharedUI */ = {
			isa = PBXGroup;
			children = (
				24374F252FF50A0E00E83899 /* DashboardCard.swift */,
				24F1A5032FD90E8C00FC1717 /* CatalogContainerList.swift */,
				24F1A4B92FD856AA00FC1717 /* CatalogEmptyStateView.swift */,
				C0000000000000000000002E /* AsyncThumbnailLoader.swift */,
				C0000000000000000000001F /* BellCardView.swift */,
				C00000000000000000000030 /* CatalogLayouts.swift */,
				C00000000000000000000013 /* EditorFields.swift */,
			);
			path = SharedUI;
			sourceTree = "<group>";
		};
		C0000000000000000000003C /* Collections */ = {
			isa = PBXGroup;
			children = (
				C00000000000000000000005 /* CollectionModels.swift */,
			);
			path = Collections;
			sourceTree = "<group>";
		};
		C0000000000000000000003D /* Items */ = {
			isa = PBXGroup;
			children = (
				C00000000000000000000006 /* ItemModels.swift */,
				C00000000000000000000007 /* BellItem.swift */,
				C00000000000000000000008 /* Place.swift */,
				C00000000000000000000009 /* MediaAsset.swift */,
			);
			path = Items;
			sourceTree = "<group>";
		};
		C0000000000000000000003E /* Sharing */ = {
			isa = PBXGroup;
			children = (
				24F1A5272FD9932400FC1717 /* CloudKitCollectionSharingService.swift */,
				24F1A5232FD9880600FC1717 /* CloudKitSharingMapper.swift */,
				C0000000000000000000000A /* SharingModels.swift */,
			);
			path = Sharing;
			sourceTree = "<group>";
		};
		C0000000000000000000003F /* Repositories */ = {
			isa = PBXGroup;
			children = (
				24374F292FF5A53700E83899 /* CatalogSnapshot.swift */,
				249A28272FDC1940009A0E03 /* CoreDataCatalogRepository.swift */,
				C0000000000000000000000B /* CatalogRepository.swift */,
				C00000000000000000000018 /* LocalMediaFileStore.swift */,
			);
			path = Repositories;
			sourceTree = "<group>";
		};
		C00000000000000000000041 /* Collections */ = {
			isa = PBXGroup;
			children = (
				24F1A5252FD98A1900FC1717 /* CollectionSharingState.swift */,
				2403CEDD2F9FA3A900C63AB6 /* CollectionEditorView.swift */,
				2403CEE92F9FCEAA00C63AB6 /* CollectionSharingView.swift */,
				2403CEE72F9FCEAA00C63AB6 /* CollectionShellView.swift */,
				2403CEDE2F9FA3A900C63AB6 /* CollectionsView.swift */,
				2403CEDB2F9F954D00C63AB6 /* CollectionOriginMapView.swift */,
			);
			path = Collections;
			sourceTree = "<group>";
		};
		C00000000000000000000042 /* Bells */ = {
			isa = PBXGroup;
			children = (
				249A283B2FDC4074009A0E03 /* BellLookupSnapshot.swift */,
				C0000000000000000000004B /* Analysis */,
				C00000000000000000000045 /* List */,
				C00000000000000000000046 /* Detail */,
				24F1A4532FD6B4CF00FC1717 /* LaunchScreenBells.storyboard */,
				24F1A4652FD7E36A00FC1717 /* LaunchScreenBells 2.storyboard */,
			);
			path = Bells;
			sourceTree = "<group>";
		};
		C00000000000000000000044 /* Home */ = {
			isa = PBXGroup;
			children = (
				2403CED52F9F912300C63AB6 /* StorageMapCard.swift */,
				2403CED12F9F8F5100C63AB6 /* HomeDetailView.swift */,
				2403CED22F9F8F5100C63AB6 /* HomeEditorView.swift */,
				C0000000000000000000000D /* HomeView.swift */,
			);
			path = Home;
			sourceTree = "<group>";
		};
		C00000000000000000000045 /* List */ = {
			isa = PBXGroup;
			children = (
				249A28392FDC3A61009A0E03 /* BellCatalogSnapshot.swift */,
				2403CED92F9F945700C63AB6 /* SearchTabView.swift */,
				246FD6872FA8CE2A00B8859A /* BellListItem.swift */,
				246FD6842FA8CE2A00B8859A /* BellGridView.swift */,
				246FD63B2FA8813800B8859A /* BellCatalogSelectionBottomPanel.swift */,
				24BFE4EA2F9CF73000421A40 /* BellCatalogDashboard.swift */,
				C0000000000000000000000E /* BellCatalogView.swift */,
				C0000000000000000000002D /* BellCatalogViewModel.swift */,
			);
			path = List;
			sourceTree = "<group>";
		};
		C00000000000000000000046 /* Detail */ = {
			isa = PBXGroup;
			children = (
				24F1A4872FD8318B00FC1717 /* BellBatchAddView.swift */,
				24BFE4E12F9CF2BE00421A40 /* BellEditorView.swift */,
				C0000000000000000000000F /* BellDetailView.swift */,
				D00000000000000000000031 /* BellDetailView+Subviews.swift */,
			);
			path = Detail;
			sourceTree = "<group>";
		};
		C00000000000000000000049 /* ImportExport */ = {
			isa = PBXGroup;
			children = (
				C00000000000000000000028 /* CatalogTransferBundle.swift */,
				C00000000000000000000029 /* CatalogJSONPort.swift */,
				C0000000000000000000002A /* CatalogTransferDocument.swift */,
				C0000000000000000000002F /* CatalogImportExportActor.swift */,
				C00000000000000000000040 /* CatalogArchiveService.swift */,
			);
			path = ImportExport;
			sourceTree = "<group>";
		};
		C0000000000000000000004A /* PhotoAnalysis */ = {
			isa = PBXGroup;
			children = (
				24349FF72FAB7BE5005383FB /* SemanticPhotoFeatureExtractor.swift */,
				C0000000000000000000002B /* PhotoAnalysis.swift */,
			);
			path = PhotoAnalysis;
			sourceTree = "<group>";
		};
		C0000000000000000000004B /* Analysis */ = {
			isa = PBXGroup;
			children = (
				246FD6802FA8CE2A00B8859A /* SuggestedFieldValue.swift */,
				C0000000000000000000002C /* BellPhotoAnalysis.swift */,
			);
			path = Analysis;
			sourceTree = "<group>";
		};
		E00000000000000000000001 /* CoreData */ = {
			isa = PBXGroup;
			children = (
				E00000000000000000000003 /* Foliora.xcdatamodeld */,
				E00000000000000000000002 /* FolioraCoreDataStack.swift */,
			);
			path = CoreData;
			sourceTree = "<group>";
		};
/* End PBXGroup section */

/* Begin PBXNativeTarget section */
		24349FFD2FAC6FD9005383FB /* BellRecognitionDebugML */ = {
			isa = PBXNativeTarget;
			buildConfigurationList = 2434A0062FAC6FDA005383FB /* Build configuration list for PBXNativeTarget "BellRecognitionDebugML" */;
			buildPhases = (
				24349FFA2FAC6FD9005383FB /* Sources */,
				24349FFB2FAC6FD9005383FB /* Frameworks */,
				24349FFC2FAC6FD9005383FB /* Resources */,
			);
			buildRules = (
			);
			fileSystemSynchronizedGroups = (
				24349FFF2FAC6FD9005383FB /* BellRecognitionDebugML */,
			);
			name = BellRecognitionDebugML;
			productName = BellRecognitionDebugML;
			productReference = 24349FFE2FAC6FD9005383FB /* BellRecognitionDebugML.app */;
			productType = "com.apple.product-type.application";
		};
		246FD65E2FA8BB2900B8859A /* BellRecognition */ = {
			isa = PBXNativeTarget;
			buildConfigurationList = 246FD6672FA8BB2A00B8859A /* Build configuration list for PBXNativeTarget "BellRecognition" */;
			buildPhases = (
				246FD65B2FA8BB2900B8859A /* Sources */,
				246FD65C2FA8BB2900B8859A /* Frameworks */,
				246FD65D2FA8BB2900B8859A /* Resources */,
			);
			buildRules = (
			);
			fileSystemSynchronizedGroups = (
				246FD6602FA8BB2900B8859A /* BellRecognition */,
			);
			name = BellRecognition;
			productName = BellRecognition;
			productReference = 246FD65F2FA8BB2900B8859A /* BellRecognition.app */;
			productType = "com.apple.product-type.application";
		};
		C00000000000000000000051 /* Foliora Bells */ = {
			isa = PBXNativeTarget;
			buildConfigurationList = C00000000000000000000061 /* Build configuration list for PBXNativeTarget "Foliora Bells" */;
			buildPhases = (
				C00000000000000000000022 /* Sources */,
				C00000000000000000000021 /* Frameworks */,
				C00000000000000000000023 /* Resources */,
			);
			buildRules = (
			);
			name = "Foliora Bells";
			productName = Catalog;
			productReference = C00000000000000000000012 /* Foliora Bells.app */;
			productType = "com.apple.product-type.application";
		};
/* End PBXNativeTarget section */

/* Begin PBXProject section */
		C00000000000000000000052 /* Project object */ = {
			isa = PBXProject;
			attributes = {
				BuildIndependentTargetsInParallel = 1;
				LastSwiftUpdateCheck = 2640;
				LastUpgradeCheck = 2640;
				TargetAttributes = {
					24349FFD2FAC6FD9005383FB = {
						CreatedOnToolsVersion = 26.4.1;
					};
					246FD65E2FA8BB2900B8859A = {
						CreatedOnToolsVersion = 26.3;
					};
					C00000000000000000000051 = {
						CreatedOnToolsVersion = 26.3;
					};
				};
			};
			buildConfigurationList = C00000000000000000000062 /* Build configuration list for PBXProject "Foliora" */;
			developmentRegion = en;
			hasScannedForEncodings = 0;
			knownRegions = (
				en,
				ru,
				Base,
			);
			mainGroup = C00000000000000000000031;
			minimizedProjectReferenceProxies = 1;
			preferredProjectObjectVersion = 100;
			productRefGroup = C00000000000000000000033 /* Products */;
			projectDirPath = "";
			projectRoot = "";
			targets = (
				C00000000000000000000051 /* Foliora Bells */,
				246FD65E2FA8BB2900B8859A /* BellRecognition */,
				24349FFD2FAC6FD9005383FB /* BellRecognitionDebugML */,
			);
		};
/* End PBXProject section */

/* Begin PBXResourcesBuildPhase section */
		24349FFC2FAC6FD9005383FB /* Resources */ = {
			isa = PBXResourcesBuildPhase;
			files = (
			);
		};
		246FD65D2FA8BB2900B8859A /* Resources */ = {
			isa = PBXResourcesBuildPhase;
			files = (
			);
		};
		C00000000000000000000023 /* Resources */ = {
			isa = PBXResourcesBuildPhase;
			files = (
				24F1A4662FD7E36A00FC1717 /* LaunchScreenBells 2.storyboard in Resources */,
				C000000000000000000000B1 /* Assets.xcassets in Resources */,
				24F1A4E02FD88B0600FC1717 /* Localizable.xcstrings in Resources */,
				24F1A4542FD6B4CF00FC1717 /* LaunchScreenBells.storyboard in Resources */,
			);
		};
/* End PBXResourcesBuildPhase section */

/* Begin PBXSourcesBuildPhase section */
		24349FFA2FAC6FD9005383FB /* Sources */ = {
			isa = PBXSourcesBuildPhase;
			files = (
				2434A00C2FAC7FDA005383FB /* PhotoAnalysis.swift in Sources */,
				2434A00B2FAC7FD5005383FB /* SemanticPhotoFeatureExtractor.swift in Sources */,
			);
		};
		246FD65B2FA8BB2900B8859A /* Sources */ = {
			isa = PBXSourcesBuildPhase;
			files = (
				246FD67B2FA8BF8600B8859A /* BellPhotoAnalysis.swift in Sources */,
				24349FF92FAB7BE5005383FB /* SemanticPhotoFeatureExtractor.swift in Sources */,
				246FD6772FA8BF6300B8859A /* PhotoAnalysis.swift in Sources */,
				246FD6812FA8CE2A00B8859A /* SuggestedFieldValue.swift in Sources */,
			);
		};
		C00000000000000000000022 /* Sources */ = {
			isa = PBXSourcesBuildPhase;
			files = (
				246FD6822FA8CE2A00B8859A /* SuggestedFieldValue.swift in Sources */,
				24F1A5042FD90E8C00FC1717 /* CatalogContainerList.swift in Sources */,
				C000000000000000000000A2 /* AppContainer.swift in Sources */,
				C000000000000000000000A3 /* AppRouter.swift in Sources */,
				C000000000000000000000A5 /* CollectionModels.swift in Sources */,
				C000000000000000000000A6 /* ItemModels.swift in Sources */,
				C000000000000000000000A7 /* BellItem.swift in Sources */,
				C000000000000000000000A8 /* Place.swift in Sources */,
				2403CEDC2F9F954D00C63AB6 /* CollectionOriginMapView.swift in Sources */,
				249A283C2FDC4074009A0E03 /* BellLookupSnapshot.swift in Sources */,
				C000000000000000000000A9 /* MediaAsset.swift in Sources */,
				C000000000000000000000AA /* SharingModels.swift in Sources */,
				C000000000000000000000AB /* CatalogRepository.swift in Sources */,
				C000000000000000000000AD /* HomeView.swift in Sources */,
				C000000000000000000000AE /* BellCatalogView.swift in Sources */,
				246FD6852FA8CE2A00B8859A /* BellListItem.swift in Sources */,
				246FD6832FA8CE2A00B8859A /* BellGridView.swift in Sources */,
				244FE0462FD7200000B4D805 /* CloudSyncDiagnosticsView.swift in Sources */,
				244FE0492FB465CF00B4D805 /* SettingsView.swift in Sources */,
				24349FF82FAB7BE5005383FB /* SemanticPhotoFeatureExtractor.swift in Sources */,
				24F1A4882FD8318B00FC1717 /* BellBatchAddView.swift in Sources */,
				C000000000000000000000AF /* BellDetailView.swift in Sources */,
				D000000000000000000000C6 /* BellDetailView+Subviews.swift in Sources */,
				24BFE4EB2F9CF73000421A40 /* BellCatalogDashboard.swift in Sources */,
				2403CEE52F9FCD9F00C63AB6 /* ImageMediaBuilder.swift in Sources */,
				24BFE4E92F9CF57C00421A40 /* CatalogModels.swift in Sources */,
				2403CEDA2F9F945700C63AB6 /* SearchTabView.swift in Sources */,
				24374F462FF7F0AA00E83899 /* CatalogShapes.swift in Sources */,
				24374F262FF50A0E00E83899 /* DashboardCard.swift in Sources */,
				249A28282FDC1940009A0E03 /* CoreDataCatalogRepository.swift in Sources */,
				C000000000000000000000B2 /* EditorFields.swift in Sources */,
				C000000000000000000000B6 /* LocalMediaFileStore.swift in Sources */,
				2403CED32F9F8F5100C63AB6 /* HomeDetailView.swift in Sources */,
				2403CED42F9F8F5100C63AB6 /* HomeEditorView.swift in Sources */,
				E00000000000000000000006 /* Foliora.xcdatamodeld in Sources */,
				24374F2C2FF6596800E83899 /* CatalogMetrics.swift in Sources */,
				E00000000000000000000005 /* FolioraCoreDataStack.swift in Sources */,
				2403CED62F9F912300C63AB6 /* StorageMapCard.swift in Sources */,
				24F1A4BA2FD856AA00FC1717 /* CatalogEmptyStateView.swift in Sources */,
				24F1A5262FD98A1900FC1717 /* CollectionSharingState.swift in Sources */,
				24374F322FF677A900E83899 /* CatalogTypography.swift in Sources */,
				C000000000000000000000BD /* CatalogTransferBundle.swift in Sources */,
				C000000000000000000000BE /* CatalogJSONPort.swift in Sources */,
				C000000000000000000000BF /* CatalogTransferDocument.swift in Sources */,
				C000000000000000000000C4 /* CatalogImportExportActor.swift in Sources */,
				C000000000000000000000C7 /* CatalogArchiveService.swift in Sources */,
				246FD63C2FA8813800B8859A /* BellCatalogSelectionBottomPanel.swift in Sources */,
				2403CEDF2F9FA3A900C63AB6 /* CollectionEditorView.swift in Sources */,
				24374F482FFA652F00E83899 /* CatalogSurfaces.swift in Sources */,
				2403CEE82F9FCEAA00C63AB6 /* CollectionSharingView.swift in Sources */,
				24F1A5242FD9880600FC1717 /* CloudKitSharingMapper.swift in Sources */,
				2403CEE62F9FCEAA00C63AB6 /* CollectionShellView.swift in Sources */,
				2403CEE02F9FA3A900C63AB6 /* CollectionsView.swift in Sources */,
				2403CEE32F9FA83A00C63AB6 /* CameraPicker.swift in Sources */,
				C000000000000000000000B9 /* BellCardView.swift in Sources */,
				24BFE4E22F9CF2BE00421A40 /* BellEditorView.swift in Sources */,
				24F1A54A2FDB309D00FC1717 /* FolioraApp.swift in Sources */,
				24F1A54C2FDB345500FC1717 /* CloudKitSharingSceneDelegate.swift in Sources */,
				C000000000000000000000C3 /* AsyncThumbnailLoader.swift in Sources */,
				C000000000000000000000C5 /* CatalogLayouts.swift in Sources */,
				24F1A5282FD9932400FC1717 /* CloudKitCollectionSharingService.swift in Sources */,
				24374F302FF6734600E83899 /* CatalogColors.swift in Sources */,
				24374F2A2FF5A53700E83899 /* CatalogSnapshot.swift in Sources */,
				C000000000000000000000C0 /* PhotoAnalysis.swift in Sources */,
				C000000000000000000000C1 /* BellPhotoAnalysis.swift in Sources */,
				249A283A2FDC3A61009A0E03 /* BellCatalogSnapshot.swift in Sources */,
				C000000000000000000000C2 /* BellCatalogViewModel.swift in Sources */,
			);
		};
/* End PBXSourcesBuildPhase section */

/* Begin XCBuildConfiguration section */
		2434A0072FAC6FDA005383FB /* Debug configuration for PBXNativeTarget "BellRecognitionDebugML" */ = {
			isa = XCBuildConfiguration;
			buildSettings = {
				ASSETCATALOG_COMPILER_APPICON_NAME = AppIconBells;
				ASSETCATALOG_COMPILER_GLOBAL_ACCENT_COLOR_NAME = AccentColorBells;
				CLANG_ANALYZER_NONNULL = YES;
				CLANG_ANALYZER_NUMBER_OBJECT_CONVERSION = YES_AGGRESSIVE;
				CLANG_CXX_LANGUAGE_STANDARD = "gnu++20";
				CLANG_ENABLE_OBJC_ARC = YES;
				CLANG_ENABLE_OBJC_WEAK = YES;
				CLANG_WARN_DIRECT_OBJC_ISA_USAGE = YES_ERROR;
				CLANG_WARN_DOCUMENTATION_COMMENTS = YES;
				CLANG_WARN_OBJC_ROOT_CLASS = YES_ERROR;
				CLANG_WARN_UNGUARDED_AVAILABILITY = YES_AGGRESSIVE;
				CODE_SIGN_STYLE = Automatic;
				COMBINE_HIDPI_IMAGES = YES;
				CURRENT_PROJECT_VERSION = 1;
				DEVELOPMENT_TEAM = 8S22FH7RU6;
				ENABLE_APP_SANDBOX = YES;
				ENABLE_HARDENED_RUNTIME = YES;
				ENABLE_INCOMING_NETWORK_CONNECTIONS = NO;
				ENABLE_OUTGOING_NETWORK_CONNECTIONS = NO;
				ENABLE_PREVIEWS = YES;
				ENABLE_RESOURCE_ACCESS_AUDIO_INPUT = NO;
				ENABLE_RESOURCE_ACCESS_BLUETOOTH = NO;
				ENABLE_RESOURCE_ACCESS_CALENDARS = NO;
				ENABLE_RESOURCE_ACCESS_CAMERA = NO;
				ENABLE_RESOURCE_ACCESS_CONTACTS = NO;
				ENABLE_RESOURCE_ACCESS_LOCATION = NO;
				ENABLE_RESOURCE_ACCESS_PRINTING = NO;
				ENABLE_RESOURCE_ACCESS_USB = NO;
				ENABLE_USER_SCRIPT_SANDBOXING = YES;
				ENABLE_USER_SELECTED_FILES = readwrite;
				GCC_C_LANGUAGE_STANDARD = gnu17;
				GCC_DYNAMIC_NO_PIC = NO;
				GCC_WARN_ABOUT_RETURN_TYPE = YES_ERROR;
				GCC_WARN_UNINITIALIZED_AUTOS = YES_AGGRESSIVE;
				GENERATE_INFOPLIST_FILE = YES;
				INFOPLIST_KEY_NSHumanReadableCopyright = "";
				LD_RUNPATH_SEARCH_PATHS = (
					"$(inherited)",
					"@executable_path/../Frameworks",
				);
				LOCALIZATION_PREFERS_STRING_CATALOGS = YES;
				MACOSX_DEPLOYMENT_TARGET = 26.3;
				MARKETING_VERSION = 1.0;
				MTL_ENABLE_DEBUG_INFO = INCLUDE_SOURCE;
				MTL_FAST_MATH = YES;
				PRODUCT_BUNDLE_IDENTIFIER = com.iz.BellRecognitionDebugML;
				PRODUCT_NAME = "$(TARGET_NAME)";
				REGISTER_APP_GROUPS = YES;
				SDKROOT = macosx;
				STRING_CATALOG_GENERATE_SYMBOLS = YES;
				SWIFT_APPROACHABLE_CONCURRENCY = YES;
				SWIFT_DEFAULT_ACTOR_ISOLATION = MainActor;
				SWIFT_EMIT_LOC_STRINGS = YES;
				SWIFT_UPCOMING_FEATURE_MEMBER_IMPORT_VISIBILITY = YES;
				SWIFT_VERSION = 5.0;
			};
			name = Debug;
		};
		2434A0082FAC6FDA005383FB /* Release configuration for PBXNativeTarget "BellRecognitionDebugML" */ = {
			isa = XCBuildConfiguration;
			buildSettings = {
				ASSETCATALOG_COMPILER_APPICON_NAME = AppIconBells;
				ASSETCATALOG_COMPILER_GLOBAL_ACCENT_COLOR_NAME = AccentColorBells;
				CLANG_ANALYZER_NONNULL = YES;
				CLANG_ANALYZER_NUMBER_OBJECT_CONVERSION = YES_AGGRESSIVE;
				CLANG_CXX_LANGUAGE_STANDARD = "gnu++20";
				CLANG_ENABLE_OBJC_ARC = YES;
				CLANG_ENABLE_OBJC_WEAK = YES;
				CLANG_WARN_DIRECT_OBJC_ISA_USAGE = YES_ERROR;
				CLANG_WARN_DOCUMENTATION_COMMENTS = YES;
				CLANG_WARN_OBJC_ROOT_CLASS = YES_ERROR;
				CLANG_WARN_UNGUARDED_AVAILABILITY = YES_AGGRESSIVE;
				CODE_SIGN_STYLE = Automatic;
				COMBINE_HIDPI_IMAGES = YES;
				CURRENT_PROJECT_VERSION = 1;
				DEVELOPMENT_TEAM = 8S22FH7RU6;
				ENABLE_APP_SANDBOX = YES;
				ENABLE_HARDENED_RUNTIME = YES;
				ENABLE_INCOMING_NETWORK_CONNECTIONS = NO;
				ENABLE_OUTGOING_NETWORK_CONNECTIONS = NO;
				ENABLE_PREVIEWS = YES;
				ENABLE_RESOURCE_ACCESS_AUDIO_INPUT = NO;
				ENABLE_RESOURCE_ACCESS_BLUETOOTH = NO;
				ENABLE_RESOURCE_ACCESS_CALENDARS = NO;
				ENABLE_RESOURCE_ACCESS_CAMERA = NO;
				ENABLE_RESOURCE_ACCESS_CONTACTS = NO;
				ENABLE_RESOURCE_ACCESS_LOCATION = NO;
				ENABLE_RESOURCE_ACCESS_PRINTING = NO;
				ENABLE_RESOURCE_ACCESS_USB = NO;
				ENABLE_USER_SCRIPT_SANDBOXING = YES;
				ENABLE_USER_SELECTED_FILES = readwrite;
				GCC_C_LANGUAGE_STANDARD = gnu17;
				GCC_WARN_ABOUT_RETURN_TYPE = YES_ERROR;
				GCC_WARN_UNINITIALIZED_AUTOS = YES_AGGRESSIVE;
				GENERATE_INFOPLIST_FILE = YES;
				INFOPLIST_KEY_NSHumanReadableCopyright = "";
				LD_RUNPATH_SEARCH_PATHS = (
					"$(inherited)",
					"@executable_path/../Frameworks",
				);
				LOCALIZATION_PREFERS_STRING_CATALOGS = YES;
				MACOSX_DEPLOYMENT_TARGET = 26.3;
				MARKETING_VERSION = 1.0;
				MTL_ENABLE_DEBUG_INFO = NO;
				MTL_FAST_MATH = YES;
				PRODUCT_BUNDLE_IDENTIFIER = com.iz.BellRecognitionDebugML;
				PRODUCT_NAME = "$(TARGET_NAME)";
				REGISTER_APP_GROUPS = YES;
				SDKROOT = macosx;
				STRING_CATALOG_GENERATE_SYMBOLS = YES;
				SWIFT_APPROACHABLE_CONCURRENCY = YES;
				SWIFT_DEFAULT_ACTOR_ISOLATION = MainActor;
				SWIFT_EMIT_LOC_STRINGS = YES;
				SWIFT_UPCOMING_FEATURE_MEMBER_IMPORT_VISIBILITY = YES;
				SWIFT_VERSION = 5.0;
			};
			name = Release;
		};
		246FD6682FA8BB2A00B8859A /* Debug configuration for PBXNativeTarget "BellRecognition" */ = {
			isa = XCBuildConfiguration;
			buildSettings = {
				ASSETCATALOG_COMPILER_APPICON_NAME = AppIconBells;
				ASSETCATALOG_COMPILER_GENERATE_SWIFT_ASSET_SYMBOL_EXTENSIONS = YES;
				ASSETCATALOG_COMPILER_GLOBAL_ACCENT_COLOR_NAME = AccentColorBells;
				CLANG_ANALYZER_NONNULL = YES;
				CLANG_ANALYZER_NUMBER_OBJECT_CONVERSION = YES_AGGRESSIVE;
				CLANG_CXX_LANGUAGE_STANDARD = "gnu++20";
				CLANG_ENABLE_OBJC_ARC = YES;
				CLANG_ENABLE_OBJC_WEAK = YES;
				CLANG_WARN_BLOCK_CAPTURE_AUTORELEASING = YES;
				CLANG_WARN_BOOL_CONVERSION = YES;
				CLANG_WARN_COMMA = YES;
				CLANG_WARN_CONSTANT_CONVERSION = YES;
				CLANG_WARN_DEPRECATED_OBJC_IMPLEMENTATIONS = YES;
				CLANG_WARN_DIRECT_OBJC_ISA_USAGE = YES_ERROR;
				CLANG_WARN_DOCUMENTATION_COMMENTS = YES;
				CLANG_WARN_EMPTY_BODY = YES;
				CLANG_WARN_ENUM_CONVERSION = YES;
				CLANG_WARN_INFINITE_RECURSION = YES;
				CLANG_WARN_INT_CONVERSION = YES;
				CLANG_WARN_NON_LITERAL_NULL_CONVERSION = YES;
				CLANG_WARN_OBJC_IMPLICIT_RETAIN_SELF = YES;
				CLANG_WARN_OBJC_LITERAL_CONVERSION = YES;
				CLANG_WARN_OBJC_ROOT_CLASS = YES_ERROR;
				CLANG_WARN_QUOTED_INCLUDE_IN_FRAMEWORK_HEADER = YES;
				CLANG_WARN_RANGE_LOOP_ANALYSIS = YES;
				CLANG_WARN_STRICT_PROTOTYPES = YES;
				CLANG_WARN_SUSPICIOUS_MOVE = YES;
				CLANG_WARN_UNGUARDED_AVAILABILITY = YES_AGGRESSIVE;
				CLANG_WARN_UNREACHABLE_CODE = YES;
				CLANG_WARN__DUPLICATE_METHOD_MATCH = YES;
				CODE_SIGN_STYLE = Automatic;
				CURRENT_PROJECT_VERSION = 1;
				ENABLE_PREVIEWS = YES;
				ENABLE_STRICT_OBJC_MSGSEND = YES;
				ENABLE_TESTABILITY = YES;
				ENABLE_USER_SCRIPT_SANDBOXING = YES;
				GCC_C_LANGUAGE_STANDARD = gnu17;
				GCC_DYNAMIC_NO_PIC = NO;
				GCC_NO_COMMON_BLOCKS = YES;
				GCC_WARN_64_TO_32_BIT_CONVERSION = YES;
				GCC_WARN_ABOUT_RETURN_TYPE = YES_ERROR;
				GCC_WARN_UNDECLARED_SELECTOR = YES;
				GCC_WARN_UNINITIALIZED_AUTOS = YES_AGGRESSIVE;
				GCC_WARN_UNUSED_FUNCTION = YES;
				GCC_WARN_UNUSED_VARIABLE = YES;
				GENERATE_INFOPLIST_FILE = YES;
				INFOPLIST_KEY_UIApplicationSceneManifest_Generation = YES;
				INFOPLIST_KEY_UIApplicationSupportsIndirectInputEvents = YES;
				INFOPLIST_KEY_UILaunchScreen_Generation = YES;
				INFOPLIST_KEY_UISupportedInterfaceOrientations_iPad = "UIInterfaceOrientationPortrait UIInterfaceOrientationPortraitUpsideDown UIInterfaceOrientationLandscapeLeft UIInterfaceOrientationLandscapeRight";
				INFOPLIST_KEY_UISupportedInterfaceOrientations_iPhone = "UIInterfaceOrientationPortrait UIInterfaceOrientationLandscapeLeft UIInterfaceOrientationLandscapeRight";
				IPHONEOS_DEPLOYMENT_TARGET = 26.2;
				LD_RUNPATH_SEARCH_PATHS = (
					"$(inherited)",
					"@executable_path/Frameworks",
				);
				LOCALIZATION_PREFERS_STRING_CATALOGS = YES;
				MARKETING_VERSION = 1.0;
				MTL_ENABLE_DEBUG_INFO = INCLUDE_SOURCE;
				MTL_FAST_MATH = YES;
				ONLY_ACTIVE_ARCH = YES;
				PRODUCT_BUNDLE_IDENTIFIER = com.iz.BellRecognition;
				PRODUCT_NAME = "$(TARGET_NAME)";
				STRING_CATALOG_GENERATE_SYMBOLS = YES;
				SWIFT_APPROACHABLE_CONCURRENCY = YES;
				SWIFT_DEFAULT_ACTOR_ISOLATION = MainActor;
				SWIFT_EMIT_LOC_STRINGS = YES;
				SWIFT_UPCOMING_FEATURE_MEMBER_IMPORT_VISIBILITY = YES;
				SWIFT_VERSION = 5.0;
				TARGETED_DEVICE_FAMILY = "1,2";
			};
			name = Debug;
		};
		246FD6692FA8BB2A00B8859A /* Release configuration for PBXNativeTarget "BellRecognition" */ = {
			isa = XCBuildConfiguration;
			buildSettings = {
				ASSETCATALOG_COMPILER_APPICON_NAME = AppIconBells;
				ASSETCATALOG_COMPILER_GENERATE_SWIFT_ASSET_SYMBOL_EXTENSIONS = YES;
				ASSETCATALOG_COMPILER_GLOBAL_ACCENT_COLOR_NAME = AccentColorBells;
				CLANG_ANALYZER_NONNULL = YES;
				CLANG_ANALYZER_NUMBER_OBJECT_CONVERSION = YES_AGGRESSIVE;
				CLANG_CXX_LANGUAGE_STANDARD = "gnu++20";
				CLANG_ENABLE_OBJC_ARC = YES;
				CLANG_ENABLE_OBJC_WEAK = YES;
				CLANG_WARN_BLOCK_CAPTURE_AUTORELEASING = YES;
				CLANG_WARN_BOOL_CONVERSION = YES;
				CLANG_WARN_COMMA = YES;
				CLANG_WARN_CONSTANT_CONVERSION = YES;
				CLANG_WARN_DEPRECATED_OBJC_IMPLEMENTATIONS = YES;
				CLANG_WARN_DIRECT_OBJC_ISA_USAGE = YES_ERROR;
				CLANG_WARN_DOCUMENTATION_COMMENTS = YES;
				CLANG_WARN_EMPTY_BODY = YES;
				CLANG_WARN_ENUM_CONVERSION = YES;
				CLANG_WARN_INFINITE_RECURSION = YES;
				CLANG_WARN_INT_CONVERSION = YES;
				CLANG_WARN_NON_LITERAL_NULL_CONVERSION = YES;
				CLANG_WARN_OBJC_IMPLICIT_RETAIN_SELF = YES;
				CLANG_WARN_OBJC_LITERAL_CONVERSION = YES;
				CLANG_WARN_OBJC_ROOT_CLASS = YES_ERROR;
				CLANG_WARN_QUOTED_INCLUDE_IN_FRAMEWORK_HEADER = YES;
				CLANG_WARN_RANGE_LOOP_ANALYSIS = YES;
				CLANG_WARN_STRICT_PROTOTYPES = YES;
				CLANG_WARN_SUSPICIOUS_MOVE = YES;
				CLANG_WARN_UNGUARDED_AVAILABILITY = YES_AGGRESSIVE;
				CLANG_WARN_UNREACHABLE_CODE = YES;
				CLANG_WARN__DUPLICATE_METHOD_MATCH = YES;
				CODE_SIGN_STYLE = Automatic;
				CURRENT_PROJECT_VERSION = 1;
				ENABLE_PREVIEWS = YES;
				ENABLE_STRICT_OBJC_MSGSEND = YES;
				ENABLE_USER_SCRIPT_SANDBOXING = YES;
				GCC_C_LANGUAGE_STANDARD = gnu17;
				GCC_NO_COMMON_BLOCKS = YES;
				GCC_WARN_64_TO_32_BIT_CONVERSION = YES;
				GCC_WARN_ABOUT_RETURN_TYPE = YES_ERROR;
				GCC_WARN_UNDECLARED_SELECTOR = YES;
				GCC_WARN_UNINITIALIZED_AUTOS = YES_AGGRESSIVE;
				GCC_WARN_UNUSED_FUNCTION = YES;
				GCC_WARN_UNUSED_VARIABLE = YES;
				GENERATE_INFOPLIST_FILE = YES;
				INFOPLIST_KEY_UIApplicationSceneManifest_Generation = YES;
				INFOPLIST_KEY_UIApplicationSupportsIndirectInputEvents = YES;
				INFOPLIST_KEY_UILaunchScreen_Generation = YES;
				INFOPLIST_KEY_UISupportedInterfaceOrientations_iPad = "UIInterfaceOrientationPortrait UIInterfaceOrientationPortraitUpsideDown UIInterfaceOrientationLandscapeLeft UIInterfaceOrientationLandscapeRight";
				INFOPLIST_KEY_UISupportedInterfaceOrientations_iPhone = "UIInterfaceOrientationPortrait UIInterfaceOrientationLandscapeLeft UIInterfaceOrientationLandscapeRight";
				IPHONEOS_DEPLOYMENT_TARGET = 26.2;
				LD_RUNPATH_SEARCH_PATHS = (
					"$(inherited)",
					"@executable_path/Frameworks",
				);
				LOCALIZATION_PREFERS_STRING_CATALOGS = YES;
				MARKETING_VERSION = 1.0;
				MTL_ENABLE_DEBUG_INFO = NO;
				MTL_FAST_MATH = YES;
				PRODUCT_BUNDLE_IDENTIFIER = com.iz.BellRecognition;
				PRODUCT_NAME = "$(TARGET_NAME)";
				STRING_CATALOG_GENERATE_SYMBOLS = YES;
				SWIFT_APPROACHABLE_CONCURRENCY = YES;
				SWIFT_DEFAULT_ACTOR_ISOLATION = MainActor;
				SWIFT_EMIT_LOC_STRINGS = YES;
				SWIFT_UPCOMING_FEATURE_MEMBER_IMPORT_VISIBILITY = YES;
				SWIFT_VERSION = 5.0;
				TARGETED_DEVICE_FAMILY = "1,2";
			};
			name = Release;
		};
		C00000000000000000000071 /* Debug configuration for PBXProject "Foliora" */ = {
			isa = XCBuildConfiguration;
			buildSettings = {
				ALWAYS_SEARCH_USER_PATHS = NO;
				ASSETCATALOG_COMPILER_GENERATE_SWIFT_ASSET_SYMBOL_EXTENSIONS = YES;
				CLANG_ANALYZER_LOCALIZABILITY_NONLOCALIZED = YES;
				CLANG_ENABLE_MODULES = YES;
				CLANG_WARN_BLOCK_CAPTURE_AUTORELEASING = YES;
				CLANG_WARN_BOOL_CONVERSION = YES;
				CLANG_WARN_COMMA = YES;
				CLANG_WARN_CONSTANT_CONVERSION = YES;
				CLANG_WARN_DEPRECATED_OBJC_IMPLEMENTATIONS = YES;
				CLANG_WARN_EMPTY_BODY = YES;
				CLANG_WARN_ENUM_CONVERSION = YES;
				CLANG_WARN_INFINITE_RECURSION = YES;
				CLANG_WARN_INT_CONVERSION = YES;
				CLANG_WARN_NON_LITERAL_NULL_CONVERSION = YES;
				CLANG_WARN_OBJC_IMPLICIT_RETAIN_SELF = YES;
				CLANG_WARN_OBJC_LITERAL_CONVERSION = YES;
				CLANG_WARN_QUOTED_INCLUDE_IN_FRAMEWORK_HEADER = YES;
				CLANG_WARN_RANGE_LOOP_ANALYSIS = YES;
				CLANG_WARN_STRICT_PROTOTYPES = YES;
				CLANG_WARN_SUSPICIOUS_MOVE = YES;
				CLANG_WARN_UNREACHABLE_CODE = YES;
				CLANG_WARN__DUPLICATE_METHOD_MATCH = YES;
				COPY_PHASE_STRIP = NO;
				DEBUG_INFORMATION_FORMAT = dwarf;
				DEVELOPMENT_TEAM = 8S22FH7RU6;
				ENABLE_PREVIEWS = YES;
				ENABLE_STRICT_OBJC_MSGSEND = YES;
				ENABLE_TESTABILITY = YES;
				GCC_NO_COMMON_BLOCKS = YES;
				GCC_OPTIMIZATION_LEVEL = 0;
				GCC_PREPROCESSOR_DEFINITIONS = (
					"DEBUG=1",
					"$(inherited)",
				);
				GCC_WARN_64_TO_32_BIT_CONVERSION = YES;
				GCC_WARN_ABOUT_RETURN_TYPE = YES;
				GCC_WARN_UNDECLARED_SELECTOR = YES;
				GCC_WARN_UNINITIALIZED_AUTOS = YES;
				GCC_WARN_UNUSED_FUNCTION = YES;
				GCC_WARN_UNUSED_VARIABLE = YES;
				IPHONEOS_DEPLOYMENT_TARGET = 26.0;
				LOCALIZATION_PREFERS_STRING_CATALOGS = YES;
				ONLY_ACTIVE_ARCH = YES;
				SDKROOT = iphoneos;
				STRING_CATALOG_GENERATE_SYMBOLS = YES;
				SWIFT_ACTIVE_COMPILATION_CONDITIONS = "DEBUG $(inherited)";
				SWIFT_EMIT_LOC_STRINGS = YES;
				SWIFT_OPTIMIZATION_LEVEL = "-Onone";
			};
			name = Debug;
		};
		C00000000000000000000072 /* Release configuration for PBXProject "Foliora" */ = {
			isa = XCBuildConfiguration;
			buildSettings = {
				ALWAYS_SEARCH_USER_PATHS = NO;
				ASSETCATALOG_COMPILER_GENERATE_SWIFT_ASSET_SYMBOL_EXTENSIONS = YES;
				CLANG_ANALYZER_LOCALIZABILITY_NONLOCALIZED = YES;
				CLANG_ENABLE_MODULES = YES;
				CLANG_WARN_BLOCK_CAPTURE_AUTORELEASING = YES;
				CLANG_WARN_BOOL_CONVERSION = YES;
				CLANG_WARN_COMMA = YES;
				CLANG_WARN_CONSTANT_CONVERSION = YES;
				CLANG_WARN_DEPRECATED_OBJC_IMPLEMENTATIONS = YES;
				CLANG_WARN_EMPTY_BODY = YES;
				CLANG_WARN_ENUM_CONVERSION = YES;
				CLANG_WARN_INFINITE_RECURSION = YES;
				CLANG_WARN_INT_CONVERSION = YES;
				CLANG_WARN_NON_LITERAL_NULL_CONVERSION = YES;
				CLANG_WARN_OBJC_IMPLICIT_RETAIN_SELF = YES;
				CLANG_WARN_OBJC_LITERAL_CONVERSION = YES;
				CLANG_WARN_QUOTED_INCLUDE_IN_FRAMEWORK_HEADER = YES;
				CLANG_WARN_RANGE_LOOP_ANALYSIS = YES;
				CLANG_WARN_STRICT_PROTOTYPES = YES;
				CLANG_WARN_SUSPICIOUS_MOVE = YES;
				CLANG_WARN_UNREACHABLE_CODE = YES;
				CLANG_WARN__DUPLICATE_METHOD_MATCH = YES;
				COPY_PHASE_STRIP = NO;
				DEBUG_INFORMATION_FORMAT = "dwarf-with-dsym";
				DEVELOPMENT_TEAM = 8S22FH7RU6;
				ENABLE_NS_ASSERTIONS = NO;
				ENABLE_PREVIEWS = YES;
				ENABLE_STRICT_OBJC_MSGSEND = YES;
				GCC_NO_COMMON_BLOCKS = YES;
				GCC_WARN_64_TO_32_BIT_CONVERSION = YES;
				GCC_WARN_ABOUT_RETURN_TYPE = YES;
				GCC_WARN_UNDECLARED_SELECTOR = YES;
				GCC_WARN_UNINITIALIZED_AUTOS = YES;
				GCC_WARN_UNUSED_FUNCTION = YES;
				GCC_WARN_UNUSED_VARIABLE = YES;
				IPHONEOS_DEPLOYMENT_TARGET = 26.0;
				LOCALIZATION_PREFERS_STRING_CATALOGS = YES;
				SDKROOT = iphoneos;
				STRING_CATALOG_GENERATE_SYMBOLS = YES;
				SWIFT_COMPILATION_MODE = wholemodule;
				SWIFT_EMIT_LOC_STRINGS = YES;
				VALIDATE_PRODUCT = YES;
			};
			name = Release;
		};
		C00000000000000000000073 /* Debug configuration for PBXNativeTarget "Foliora Bells" */ = {
			isa = XCBuildConfiguration;
			buildSettings = {
				ASSETCATALOG_COMPILER_APPICON_NAME = AppIconBells;
				ASSETCATALOG_COMPILER_GLOBAL_ACCENT_COLOR_NAME = AccentColorBells;
				ASSETCATALOG_COMPILER_INCLUDE_ALL_APPICON_ASSETS = NO;
				CLANG_ENABLE_OBJC_WEAK = YES;
				CODE_SIGN_ENTITLEMENTS = "Foliora Bells.entitlements";
				CODE_SIGN_STYLE = Automatic;
				CURRENT_PROJECT_VERSION = 22;
				DEVELOPMENT_TEAM = 89JC2TD8QQ;
				ENABLE_APP_SANDBOX = YES;
				ENABLE_HARDENED_RUNTIME = YES;
				ENABLE_OUTGOING_NETWORK_CONNECTIONS = YES;
				ENABLE_PREVIEWS = YES;
				ENABLE_RESOURCE_ACCESS_CAMERA = YES;
				ENABLE_RESOURCE_ACCESS_PHOTO_LIBRARY = YES;
				GENERATE_INFOPLIST_FILE = YES;
				INFOPLIST_FILE = "Foliora-Bells-Info.plist";
				INFOPLIST_KEY_CFBundleDisplayName = "Foliora Bells";
				INFOPLIST_KEY_LSApplicationCategoryType = "public.app-category.lifestyle";
				INFOPLIST_KEY_LSRequiresIPhoneOS = YES;
				INFOPLIST_KEY_NSCameraUsageDescription = "Use the camera to add photos of collection items.";
				INFOPLIST_KEY_NSPhotoLibraryUsageDescription = "Use your photo library to attach photos to collection items.";
				INFOPLIST_KEY_UIApplicationSceneManifest_Generation = YES;
				INFOPLIST_KEY_UIApplicationSupportsIndirectInputEvents = YES;
				INFOPLIST_KEY_UILaunchStoryboardName = LaunchScreenBells;
				INFOPLIST_KEY_UISupportedInterfaceOrientations_iPad = "UIInterfaceOrientationPortrait UIInterfaceOrientationPortraitUpsideDown UIInterfaceOrientationLandscapeLeft UIInterfaceOrientationLandscapeRight";
				INFOPLIST_KEY_UISupportedInterfaceOrientations_iPhone = UIInterfaceOrientationPortrait;
				IPHONEOS_DEPLOYMENT_TARGET = 26.0;
				LD_RUNPATH_SEARCH_PATHS = (
					"$(inherited)",
					"@executable_path/Frameworks",
				);
				MARKETING_VERSION = 0.9.6;
				OTHER_LDFLAGS = "-lz";
				PRODUCT_BUNDLE_IDENTIFIER = com.izipuho.FolioraBells;
				PRODUCT_NAME = "$(TARGET_NAME)";
				REGISTER_APP_GROUPS = YES;
				SDKROOT = iphoneos;
				SUPPORTED_PLATFORMS = "iphoneos iphonesimulator";
				SUPPORTS_MACCATALYST = NO;
				SUPPORTS_MAC_DESIGNED_FOR_IPHONE_IPAD = YES;
				SUPPORTS_XR_DESIGNED_FOR_IPHONE_IPAD = NO;
				SWIFT_EMIT_LOC_STRINGS = YES;
				SWIFT_VERSION = 6.0;
				TARGETED_DEVICE_FAMILY = "1,2";
			};
			name = Debug;
		};
		C00000000000000000000074 /* Release configuration for PBXNativeTarget "Foliora Bells" */ = {
			isa = XCBuildConfiguration;
			buildSettings = {
				ASSETCATALOG_COMPILER_APPICON_NAME = AppIconBells;
				ASSETCATALOG_COMPILER_GLOBAL_ACCENT_COLOR_NAME = AccentColorBells;
				ASSETCATALOG_COMPILER_INCLUDE_ALL_APPICON_ASSETS = NO;
				CLANG_ENABLE_OBJC_WEAK = YES;
				CODE_SIGN_ENTITLEMENTS = "Foliora Bells.entitlements";
				CODE_SIGN_STYLE = Automatic;
				CURRENT_PROJECT_VERSION = 22;
				DEVELOPMENT_TEAM = 89JC2TD8QQ;
				ENABLE_APP_SANDBOX = YES;
				ENABLE_HARDENED_RUNTIME = YES;
				ENABLE_OUTGOING_NETWORK_CONNECTIONS = YES;
				ENABLE_PREVIEWS = YES;
				ENABLE_RESOURCE_ACCESS_CAMERA = YES;
				ENABLE_RESOURCE_ACCESS_PHOTO_LIBRARY = YES;
				GENERATE_INFOPLIST_FILE = YES;
				INFOPLIST_FILE = "Foliora-Bells-Info.plist";
				INFOPLIST_KEY_CFBundleDisplayName = "Foliora Bells";
				INFOPLIST_KEY_LSApplicationCategoryType = "public.app-category.lifestyle";
				INFOPLIST_KEY_LSRequiresIPhoneOS = YES;
				INFOPLIST_KEY_NSCameraUsageDescription = "Use the camera to add photos of collection items.";
				INFOPLIST_KEY_NSPhotoLibraryUsageDescription = "Use your photo library to attach photos to collection items.";
				INFOPLIST_KEY_UIApplicationSceneManifest_Generation = YES;
				INFOPLIST_KEY_UIApplicationSupportsIndirectInputEvents = YES;
				INFOPLIST_KEY_UILaunchStoryboardName = LaunchScreenBells;
				INFOPLIST_KEY_UISupportedInterfaceOrientations_iPad = "UIInterfaceOrientationPortrait UIInterfaceOrientationPortraitUpsideDown UIInterfaceOrientationLandscapeLeft UIInterfaceOrientationLandscapeRight";
				INFOPLIST_KEY_UISupportedInterfaceOrientations_iPhone = UIInterfaceOrientationPortrait;
				IPHONEOS_DEPLOYMENT_TARGET = 26.0;
				LD_RUNPATH_SEARCH_PATHS = (
					"$(inherited)",
					"@executable_path/Frameworks",
				);
				MARKETING_VERSION = 0.9.6;
				OTHER_LDFLAGS = "-lz";
				PRODUCT_BUNDLE_IDENTIFIER = com.izipuho.FolioraBells;
				PRODUCT_NAME = "$(TARGET_NAME)";
				REGISTER_APP_GROUPS = YES;
				SDKROOT = iphoneos;
				SUPPORTED_PLATFORMS = "iphoneos iphonesimulator";
				SUPPORTS_MACCATALYST = NO;
				SUPPORTS_MAC_DESIGNED_FOR_IPHONE_IPAD = YES;
				SUPPORTS_XR_DESIGNED_FOR_IPHONE_IPAD = NO;
				SWIFT_EMIT_LOC_STRINGS = YES;
				SWIFT_VERSION = 6.0;
				TARGETED_DEVICE_FAMILY = "1,2";
			};
			name = Release;
		};
/* End XCBuildConfiguration section */

/* Begin XCConfigurationList section */
		2434A0062FAC6FDA005383FB /* Build configuration list for PBXNativeTarget "BellRecognitionDebugML" */ = {
			isa = XCConfigurationList;
			buildConfigurations = (
				2434A0072FAC6FDA005383FB /* Debug configuration for PBXNativeTarget "BellRecognitionDebugML" */,
				2434A0082FAC6FDA005383FB /* Release configuration for PBXNativeTarget "BellRecognitionDebugML" */,
			);
			defaultConfigurationName = Release;
		};
		246FD6672FA8BB2A00B8859A /* Build configuration list for PBXNativeTarget "BellRecognition" */ = {
			isa = XCConfigurationList;
			buildConfigurations = (
				246FD6682FA8BB2A00B8859A /* Debug configuration for PBXNativeTarget "BellRecognition" */,
				246FD6692FA8BB2A00B8859A /* Release configuration for PBXNativeTarget "BellRecognition" */,
			);
			defaultConfigurationName = Release;
		};
		C00000000000000000000061 /* Build configuration list for PBXNativeTarget "Foliora Bells" */ = {
			isa = XCConfigurationList;
			buildConfigurations = (
				C00000000000000000000073 /* Debug configuration for PBXNativeTarget "Foliora Bells" */,
				C00000000000000000000074 /* Release configuration for PBXNativeTarget "Foliora Bells" */,
			);
			defaultConfigurationName = Release;
		};
		C00000000000000000000062 /* Build configuration list for PBXProject "Foliora" */ = {
			isa = XCConfigurationList;
			buildConfigurations = (
				C00000000000000000000071 /* Debug configuration for PBXProject "Foliora" */,
				C00000000000000000000072 /* Release configuration for PBXProject "Foliora" */,
			);
			defaultConfigurationName = Release;
		};
/* End XCConfigurationList section */

/* Begin XCVersionGroup section */
		E00000000000000000000003 /* Foliora.xcdatamodeld */ = {
			isa = XCVersionGroup;
			children = (
				E00000000000000000000004 /* Foliora.xcdatamodel */,
			);
			currentVersion = E00000000000000000000004 /* Foliora.xcdatamodel */;
			path = Foliora.xcdatamodeld;
			sourceTree = "<group>";
			versionGroupType = wrapper.xcdatamodel;
		};
/* End XCVersionGroup section */
	};
	rootObject = C00000000000000000000052 /* Project object */;
}
